// !$*UTF8*$!
{
	archiveVersion = 1;
	classes = {
	};
	objectVersion = 50;
	objects = {

/* Begin PBXBuildFile section */
		346AF80725A4F53A004117C0 /* AppDelegate.swift in Sources */ = {isa = PBXBuildFile; fileRef = 346AF80625A4F53A004117C0 /* AppDelegate.swift */; };
		346AF80925A4F53A004117C0 /* SceneDelegate.swift in Sources */ = {isa = PBXBuildFile; fileRef = 346AF80825A4F53A004117C0 /* SceneDelegate.swift */; };
		346AF80B25A4F53A004117C0 /* ContentView.swift in Sources */ = {isa = PBXBuildFile; fileRef = 346AF80A25A4F53A004117C0 /* ContentView.swift */; };
		346AF80E25A4F53A004117C0 /* Sparkle.xcdatamodeld in Sources */ = {isa = PBXBuildFile; fileRef = 346AF80C25A4F53A004117C0 /* Sparkle.xcdatamodeld */; };
		346AF81025A4F53B004117C0 /* Assets.xcassets in Resources */ = {isa = PBXBuildFile; fileRef = 346AF80F25A4F53B004117C0 /* Assets.xcassets */; };
		346AF81325A4F53B004117C0 /* Preview Assets.xcassets in Resources */ = {isa = PBXBuildFile; fileRef = 346AF81225A4F53B004117C0 /* Preview Assets.xcassets */; };
		346AF81625A4F53B004117C0 /* LaunchScreen.storyboard in Resources */ = {isa = PBXBuildFile; fileRef = 346AF81425A4F53B004117C0 /* LaunchScreen.storyboard */; };
		346AF82125A4F53B004117C0 /* SparkleTests.swift in Sources */ = {isa = PBXBuildFile; fileRef = 346AF82025A4F53B004117C0 /* SparkleTests.swift */; };
		346AF82C25A4F53B004117C0 /* SparkleUITests.swift in Sources */ = {isa = PBXBuildFile; fileRef = 346AF82B25A4F53B004117C0 /* SparkleUITests.swift */; };
/* End PBXBuildFile section */

/* Begin PBXContainerItemProxy section */
		346AF81D25A4F53B004117C0 /* PBXContainerItemProxy */ = {
			isa = PBXContainerItemProxy;
			containerPortal = 346AF7FB25A4F539004117C0 /* Project object */;
			proxyType = 1;
			remoteGlobalIDString = 346AF80225A4F539004117C0;
			remoteInfo = Sparkle;
		};
		346AF82825A4F53B004117C0 /* PBXContainerItemProxy */ = {
			isa = PBXContainerItemProxy;
			containerPortal = 346AF7FB25A4F539004117C0 /* Project object */;
			proxyType = 1;
			remoteGlobalIDString = 346AF80225A4F539004117C0;
			remoteInfo = Sparkle;
		};
/* End PBXContainerItemProxy section */

/* Begin PBXFileReference section */
		346AF80325A4F539004117C0 /* Sparkle.app */ = {isa = PBXFileReference; explicitFileType = wrapper.application; includeInIndex = 0; path = Sparkle.app; sourceTree = BUILT_PRODUCTS_DIR; };
		346AF80625A4F53A004117C0 /* AppDelegate.swift */ = {isa = PBXFileReference; lastKnownFileType = sourcecode.swift; path = AppDelegate.swift; sourceTree = "<group>"; };
		346AF80825A4F53A004117C0 /* SceneDelegate.swift */ = {isa = PBXFileReference; lastKnownFileType = sourcecode.swift; path = SceneDelegate.swift; sourceTree = "<group>"; };
		346AF80A25A4F53A004117C0 /* ContentView.swift */ = {isa = PBXFileReference; lastKnownFileType = sourcecode.swift; path = ContentView.swift; sourceTree = "<group>"; };
		346AF80D25A4F53A004117C0 /* Sparkle.xcdatamodel */ = {isa = PBXFileReference; lastKnownFileType = wrapper.xcdatamodel; path = Sparkle.xcdatamodel; sourceTree = "<group>"; };
		346AF80F25A4F53B004117C0 /* Assets.xcassets */ = {isa = PBXFileReference; lastKnownFileType = folder.assetcatalog; path = Assets.xcassets; sourceTree = "<group>"; };
		346AF81225A4F53B004117C0 /* Preview Assets.xcassets */ = {isa = PBXFileReference; lastKnownFileType = folder.assetcatalog; path = "Preview Assets.xcassets"; sourceTree = "<group>"; };
		346AF81525A4F53B004117C0 /* Base */ = {isa = PBXFileReference; lastKnownFileType = file.storyboard; name = Base; path = Base.lproj/LaunchScreen.storyboard; sourceTree = "<group>"; };
		346AF81725A4F53B004117C0 /* Info.plist */ = {isa = PBXFileReference; lastKnownFileType = text.plist.xml; path = Info.plist; sourceTree = "<group>"; };
		346AF81C25A4F53B004117C0 /* SparkleTests.xctest */ = {isa = PBXFileReference; explicitFileType = wrapper.cfbundle; includeInIndex = 0; path = SparkleTests.xctest; sourceTree = BUILT_PRODUCTS_DIR; };
		346AF82025A4F53B004117C0 /* SparkleTests.swift */ = {isa = PBXFileReference; lastKnownFileType = sourcecode.swift; path = SparkleTests.swift; sourceTree = "<group>"; };
		346AF82225A4F53B004117C0 /* Info.plist */ = {isa = PBXFileReference; lastKnownFileType = text.plist.xml; path = Info.plist; sourceTree = "<group>"; };
		346AF82725A4F53B004117C0 /* SparkleUITests.xctest */ = {isa = PBXFileReference; explicitFileType = wrapper.cfbundle; includeInIndex = 0; path = SparkleUITests.xctest; sourceTree = BUILT_PRODUCTS_DIR; };
		346AF82B25A4F53B004117C0 /* SparkleUITests.swift */ = {isa = PBXFileReference; lastKnownFileType = sourcecode.swift; path = SparkleUITests.swift; sourceTree = "<group>"; };
		346AF82D25A4F53B004117C0 /* Info.plist */ = {isa = PBXFileReference; lastKnownFileType = text.plist.xml; path = Info.plist; sourceTree = "<group>"; };
/* End PBXFileReference section */

/* Begin PBXFrameworksBuildPhase section */
		346AF80025A4F539004117C0 /* Frameworks */ = {
			isa = PBXFrameworksBuildPhase;
			buildActionMask = 2147483647;
			files = (
			);
			runOnlyForDeploymentPostprocessing = 0;
		};
		346AF81925A4F53B004117C0 /* Frameworks */ = {
			isa = PBXFrameworksBuildPhase;
			buildActionMask = 2147483647;
			files = (
			);
			runOnlyForDeploymentPostprocessing = 0;
		};
		346AF82425A4F53B004117C0 /* Frameworks */ = {
			isa = PBXFrameworksBuildPhase;
			buildActionMask = 2147483647;
			files = (
			);
			runOnlyForDeploymentPostprocessing = 0;
		};
/* End PBXFrameworksBuildPhase section */

/* Begin PBXGroup section */
		346AF7FA25A4F539004117C0 = {
			isa = PBXGroup;
			children = (
				346AF80525A4F539004117C0 /* Sparkle */,
				346AF81F25A4F53B004117C0 /* SparkleTests */,
				346AF82A25A4F53B004117C0 /* SparkleUITests */,
				346AF80425A4F539004117C0 /* Products */,
			);
			sourceTree = "<group>";
		};
		346AF80425A4F539004117C0 /* Products */ = {
			isa = PBXGroup;
			children = (
				346AF80325A4F539004117C0 /* Sparkle.app */,
				346AF81C25A4F53B004117C0 /* SparkleTests.xctest */,
				346AF82725A4F53B004117C0 /* SparkleUITests.xctest */,
			);
			name = Products;
			sourceTree = "<group>";
		};
		346AF80525A4F539004117C0 /* Sparkle */ = {
			isa = PBXGroup;
			children = (
				346AF80625A4F53A004117C0 /* AppDelegate.swift */,
				346AF80825A4F53A004117C0 /* SceneDelegate.swift */,
				346AF80A25A4F53A004117C0 /* ContentView.swift */,
				346AF80F25A4F53B004117C0 /* Assets.xcassets */,
				346AF81425A4F53B004117C0 /* LaunchScreen.storyboard */,
				346AF81725A4F53B004117C0 /* Info.plist */,
				346AF80C25A4F53A004117C0 /* Sparkle.xcdatamodeld */,
				346AF81125A4F53B004117C0 /* Preview Content */,
			);
			path = Sparkle;
			sourceTree = "<group>";
		};
		346AF81125A4F53B004117C0 /* Preview Content */ = {
			isa = PBXGroup;
			children = (
				346AF81225A4F53B004117C0 /* Preview Assets.xcassets */,
			);
			path = "Preview Content";
			sourceTree = "<group>";
		};
		346AF81F25A4F53B004117C0 /* SparkleTests */ = {
			isa = PBXGroup;
			children = (
				346AF82025A4F53B004117C0 /* SparkleTests.swift */,
				346AF82225A4F53B004117C0 /* Info.plist */,
			);
			path = SparkleTests;
			sourceTree = "<group>";
		};
		346AF82A25A4F53B004117C0 /* SparkleUITests */ = {
			isa = PBXGroup;
			children = (
				346AF82B25A4F53B004117C0 /* SparkleUITests.swift */,
				346AF82D25A4F53B004117C0 /* Info.plist */,
			);
			path = SparkleUITests;
			sourceTree = "<group>";
		};
/* End PBXGroup section */

/* Begin PBXNativeTarget section */
		346AF80225A4F539004117C0 /* Sparkle */ = {
			isa = PBXNativeTarget;
			buildConfigurationList = 346AF83025A4F53B004117C0 /* Build configuration list for PBXNativeTarget "Sparkle" */;
			buildPhases = (
				346AF7FF25A4F539004117C0 /* Sources */,
				346AF80025A4F539004117C0 /* Frameworks */,
				346AF80125A4F539004117C0 /* Resources */,
			);
			buildRules = (
			);
			dependencies = (
			);
			name = Sparkle;
			productName = Sparkle;
			productReference = 346AF80325A4F539004117C0 /* Sparkle.app */;
			productType = "com.apple.product-type.application";
		};
		346AF81B25A4F53B004117C0 /* SparkleTests */ = {
			isa = PBXNativeTarget;
			buildConfigurationList = 346AF83325A4F53B004117C0 /* Build configuration list for PBXNativeTarget "SparkleTests" */;
			buildPhases = (
				346AF81825A4F53B004117C0 /* Sources */,
				346AF81925A4F53B004117C0 /* Frameworks */,
				346AF81A25A4F53B004117C0 /* Resources */,
			);
			buildRules = (
			);
			dependencies = (
				346AF81E25A4F53B004117C0 /* PBXTargetDependency */,
			);
			name = SparkleTests;
			productName = SparkleTests;
			productReference = 346AF81C25A4F53B004117C0 /* SparkleTests.xctest */;
			productType = "com.apple.product-type.bundle.unit-test";
		};
		346AF82625A4F53B004117C0 /* SparkleUITests */ = {
			isa = PBXNativeTarget;
			buildConfigurationList = 346AF83625A4F53B004117C0 /* Build configuration list for PBXNativeTarget "SparkleUITests" */;
			buildPhases = (
				346AF82325A4F53B004117C0 /* Sources */,
				346AF82425A4F53B004117C0 /* Frameworks */,
				346AF82525A4F53B004117C0 /* Resources */,
			);
			buildRules = (
			);
			dependencies = (
				346AF82925A4F53B004117C0 /* PBXTargetDependency */,
			);
			name = SparkleUITests;
			productName = SparkleUITests;
			productReference = 346AF82725A4F53B004117C0 /* SparkleUITests.xctest */;
			productType = "com.apple.product-type.bundle.ui-testing";
		};
/* End PBXNativeTarget section */

/* Begin PBXProject section */
		346AF7FB25A4F539004117C0 /* Project object */ = {
			isa = PBXProject;
			attributes = {
				LastSwiftUpdateCheck = 1230;
				LastUpgradeCheck = 1230;
				TargetAttributes = {
					346AF80225A4F539004117C0 = {
						CreatedOnToolsVersion = 12.3;
					};
					346AF81B25A4F53B004117C0 = {
						CreatedOnToolsVersion = 12.3;
						TestTargetID = 346AF80225A4F539004117C0;
					};
					346AF82625A4F53B004117C0 = {
						CreatedOnToolsVersion = 12.3;
						TestTargetID = 346AF80225A4F539004117C0;
					};
				};
			};
			buildConfigurationList = 346AF7FE25A4F539004117C0 /* Build configuration list for PBXProject "Sparkle" */;
			compatibilityVersion = "Xcode 9.3";
			developmentRegion = en;
			hasScannedForEncodings = 0;
			knownRegions = (
				en,
				Base,
			);
			mainGroup = 346AF7FA25A4F539004117C0;
			productRefGroup = 346AF80425A4F539004117C0 /* Products */;
			projectDirPath = "";
			projectRoot = "";
			targets = (
				346AF80225A4F539004117C0 /* Sparkle */,
				346AF81B25A4F53B004117C0 /* SparkleTests */,
				346AF82625A4F53B004117C0 /* SparkleUITests */,
			);
		};
/* End PBXProject section */

/* Begin PBXResourcesBuildPhase section */
		346AF80125A4F539004117C0 /* Resources */ = {
			isa = PBXResourcesBuildPhase;
			buildActionMask = 2147483647;
			files = (
				346AF81625A4F53B004117C0 /* LaunchScreen.storyboard in Resources */,
				346AF81325A4F53B004117C0 /* Preview Assets.xcassets in Resources */,
				346AF81025A4F53B004117C0 /* Assets.xcassets in Resources */,
			);
			runOnlyForDeploymentPostprocessing = 0;
		};
		346AF81A25A4F53B004117C0 /* Resources */ = {
			isa = PBXResourcesBuildPhase;
			buildActionMask = 2147483647;
			files = (
			);
			runOnlyForDeploymentPostprocessing = 0;
		};
		346AF82525A4F53B004117C0 /* Resources */ = {
			isa = PBXResourcesBuildPhase;
			buildActionMask = 2147483647;
			files = (
			);
			runOnlyForDeploymentPostprocessing = 0;
		};
/* End PBXResourcesBuildPhase section */

/* Begin PBXSourcesBuildPhase section */
		346AF7FF25A4F539004117C0 /* Sources */ = {
			isa = PBXSourcesBuildPhase;
			buildActionMask = 2147483647;
			files = (
				346AF80725A4F53A004117C0 /* AppDelegate.swift in Sources */,
				346AF80925A4F53A004117C0 /* SceneDelegate.swift in Sources */,
				346AF80E25A4F53A004117C0 /* Sparkle.xcdatamodeld in Sources */,
				346AF80B25A4F53A004117C0 /* ContentView.swift in Sources */,
			);
			runOnlyForDeploymentPostprocessing = 0;
		};
		346AF81825A4F53B004117C0 /* Sources */ = {
			isa = PBXSourcesBuildPhase;
			buildActionMask = 2147483647;
			files = (
				346AF82125A4F53B004117C0 /* SparkleTests.swift in Sources */,
			);
			runOnlyForDeploymentPostprocessing = 0;
		};
		346AF82325A4F53B004117C0 /* Sources */ = {
			isa = PBXSourcesBuildPhase;
			buildActionMask = 2147483647;
			files = (
				346AF82C25A4F53B004117C0 /* SparkleUITests.swift in Sources */,
			);
			runOnlyForDeploymentPostprocessing = 0;
		};
/* End PBXSourcesBuildPhase section */

/* Begin PBXTargetDependency section */
		346AF81E25A4F53B004117C0 /* PBXTargetDependency */ = {
			isa = PBXTargetDependency;
			target = 346AF80225A4F539004117C0 /* Sparkle */;
			targetProxy = 346AF81D25A4F53B004117C0 /* PBXContainerItemProxy */;
		};
		346AF82925A4F53B004117C0 /* PBXTargetDependency */ = {
			isa = PBXTargetDependency;
			target = 346AF80225A4F539004117C0 /* Sparkle */;
			targetProxy = 346AF82825A4F53B004117C0 /* PBXContainerItemProxy */;
		};
/* End PBXTargetDependency section */

/* Begin PBXVariantGroup section */
		346AF81425A4F53B004117C0 /* LaunchScreen.storyboard */ = {
			isa = PBXVariantGroup;
			children = (
				346AF81525A4F53B004117C0 /* Base */,
			);
			name = LaunchScreen.storyboard;
			sourceTree = "<group>";
		};
/* End PBXVariantGroup section */

/* Begin XCBuildConfiguration section */
		346AF82E25A4F53B004117C0 /* Debug */ = {
			isa = XCBuildConfiguration;
			buildSettings = {
				ALWAYS_SEARCH_USER_PATHS = NO;
				CLANG_ANALYZER_NONNULL = YES;
				CLANG_ANALYZER_NUMBER_OBJECT_CONVERSION = YES_AGGRESSIVE;
				CLANG_CXX_LANGUAGE_STANDARD = "gnu++14";
				CLANG_CXX_LIBRARY = "libc++";
				CLANG_ENABLE_MODULES = YES;
				CLANG_ENABLE_OBJC_ARC = YES;
				CLANG_ENABLE_OBJC_WEAK = YES;
				CLANG_WARN_BLOCK_CAPTURE_AUTORELEASING = YES;
				CLANG_WARN_BOOL_CONVERSION = YES;
				CLANG_WARN_COMMA = YES;
				CLANG_WARN_CONSTANT_CONVERSION = YES;
				CLANG_WARN_DEPRECATED_OBJC_IMPLEMENTATIONS = YES;
				CLANG_WARN_DIRECT_OBJC_ISA_USAGE = YES_ERROR;
				CLANG_WARN_DOCUMENTATION_COMMENTS = YES;
				CLANG_WARN_EMPTY_BODY = YES;
				CLANG_WARN_ENUM_CONVERSION = YES;
				CLANG_WARN_INFINITE_RECURSION = YES;
				CLANG_WARN_INT_CONVERSION = YES;
				CLANG_WARN_NON_LITERAL_NULL_CONVERSION = YES;
				CLANG_WARN_OBJC_IMPLICIT_RETAIN_SELF = YES;
				CLANG_WARN_OBJC_LITERAL_CONVERSION = YES;
				CLANG_WARN_OBJC_ROOT_CLASS = YES_ERROR;
				CLANG_WARN_QUOTED_INCLUDE_IN_FRAMEWORK_HEADER = YES;
				CLANG_WARN_RANGE_LOOP_ANALYSIS = YES;
				CLANG_WARN_STRICT_PROTOTYPES = YES;
				CLANG_WARN_SUSPICIOUS_MOVE = YES;
				CLANG_WARN_UNGUARDED_AVAILABILITY = YES_AGGRESSIVE;
				CLANG_WARN_UNREACHABLE_CODE = YES;
				CLANG_WARN__DUPLICATE_METHOD_MATCH = YES;
				COPY_PHASE_STRIP = NO;
				DEBUG_INFORMATION_FORMAT = dwarf;
				ENABLE_STRICT_OBJC_MSGSEND = YES;
				ENABLE_TESTABILITY = YES;
				GCC_C_LANGUAGE_STANDARD = gnu11;
				GCC_DYNAMIC_NO_PIC = NO;
				GCC_NO_COMMON_BLOCKS = YES;
				GCC_OPTIMIZATION_LEVEL = 0;
				GCC_PREPROCESSOR_DEFINITIONS = (
					"DEBUG=1",
					"$(inherited)",
				);
				GCC_WARN_64_TO_32_BIT_CONVERSION = YES;
				GCC_WARN_ABOUT_RETURN_TYPE = YES_ERROR;
				GCC_WARN_UNDECLARED_SELECTOR = YES;
				GCC_WARN_UNINITIALIZED_AUTOS = YES_AGGRESSIVE;
				GCC_WARN_UNUSED_FUNCTION = YES;
				GCC_WARN_UNUSED_VARIABLE = YES;
				IPHONEOS_DEPLOYMENT_TARGET = 14.3;
				MTL_ENABLE_DEBUG_INFO = INCLUDE_SOURCE;
				MTL_FAST_MATH = YES;
				ONLY_ACTIVE_ARCH = YES;
				SDKROOT = iphoneos;
				SWIFT_ACTIVE_COMPILATION_CONDITIONS = DEBUG;
				SWIFT_OPTIMIZATION_LEVEL = "-Onone";
			};
			name = Debug;
		};
		346AF82F25A4F53B004117C0 /* Release */ = {
			isa = XCBuildConfiguration;
			buildSettings = {
				ALWAYS_SEARCH_USER_PATHS = NO;
				CLANG_ANALYZER_NONNULL = YES;
				CLANG_ANALYZER_NUMBER_OBJECT_CONVERSION = YES_AGGRESSIVE;
				CLANG_CXX_LANGUAGE_STANDARD = "gnu++14";
				CLANG_CXX_LIBRARY = "libc++";
				CLANG_ENABLE_MODULES = YES;
				CLANG_ENABLE_OBJC_ARC = YES;
				CLANG_ENABLE_OBJC_WEAK = YES;
				CLANG_WARN_BLOCK_CAPTURE_AUTORELEASING = YES;
				CLANG_WARN_BOOL_CONVERSION = YES;
				CLANG_WARN_COMMA = YES;
				CLANG_WARN_CONSTANT_CONVERSION = YES;
				CLANG_WARN_DEPRECATED_OBJC_IMPLEMENTATIONS = YES;
				CLANG_WARN_DIRECT_OBJC_ISA_USAGE = YES_ERROR;
				CLANG_WARN_DOCUMENTATION_COMMENTS = YES;
				CLANG_WARN_EMPTY_BODY = YES;
				CLANG_WARN_ENUM_CONVERSION = YES;
				CLANG_WARN_INFINITE_RECURSION = YES;
				CLANG_WARN_INT_CONVERSION = YES;
				CLANG_WARN_NON_LITERAL_NULL_CONVERSION = YES;
				CLANG_WARN_OBJC_IMPLICIT_RETAIN_SELF = YES;
				CLANG_WARN_OBJC_LITERAL_CONVERSION = YES;
				CLANG_WARN_OBJC_ROOT_CLASS = YES_ERROR;
				CLANG_WARN_QUOTED_INCLUDE_IN_FRAMEWORK_HEADER = YES;
				CLANG_WARN_RANGE_LOOP_ANALYSIS = YES;
				CLANG_WARN_STRICT_PROTOTYPES = YES;
				CLANG_WARN_SUSPICIOUS_MOVE = YES;
				CLANG_WARN_UNGUARDED_AVAILABILITY = YES_AGGRESSIVE;
				CLANG_WARN_UNREACHABLE_CODE = YES;
				CLANG_WARN__DUPLICATE_METHOD_MATCH = YES;
				COPY_PHASE_STRIP = NO;
				DEBUG_INFORMATION_FORMAT = "dwarf-with-dsym";
				ENABLE_NS_ASSERTIONS = NO;
				ENABLE_STRICT_OBJC_MSGSEND = YES;
				GCC_C_LANGUAGE_STANDARD = gnu11;
				GCC_NO_COMMON_BLOCKS = YES;
				GCC_WARN_64_TO_32_BIT_CONVERSION = YES;
				GCC_WARN_ABOUT_RETURN_TYPE = YES_ERROR;
				GCC_WARN_UNDECLARED_SELECTOR = YES;
				GCC_WARN_UNINITIALIZED_AUTOS = YES_AGGRESSIVE;
				GCC_WARN_UNUSED_FUNCTION = YES;
				GCC_WARN_UNUSED_VARIABLE = YES;
				IPHONEOS_DEPLOYMENT_TARGET = 14.3;
				MTL_ENABLE_DEBUG_INFO = NO;
				MTL_FAST_MATH = YES;
				SDKROOT = iphoneos;
				SWIFT_COMPILATION_MODE = wholemodule;
				SWIFT_OPTIMIZATION_LEVEL = "-O";
				VALIDATE_PRODUCT = YES;
			};
			name = Release;
		};
		346AF83125A4F53B004117C0 /* Debug */ = {
			isa = XCBuildConfiguration;
			buildSettings = {
				ASSETCATALOG_COMPILER_APPICON_NAME = AppIcon;
				ASSETCATALOG_COMPILER_GLOBAL_ACCENT_COLOR_NAME = AccentColor;
				CODE_SIGN_STYLE = Automatic;
				DEVELOPMENT_ASSET_PATHS = "\"Sparkle/Preview Content\"";
				DEVELOPMENT_TEAM = 236Z8WKQJB;
				ENABLE_PREVIEWS = YES;
				INFOPLIST_FILE = Sparkle/Info.plist;
				LD_RUNPATH_SEARCH_PATHS = (
					"$(inherited)",
					"@executable_path/Frameworks",
				);
				PRODUCT_BUNDLE_IDENTIFIER = yinkin.Sparkle;
				PRODUCT_NAME = "$(TARGET_NAME)";
				SWIFT_VERSION = 5.0;
				TARGETED_DEVICE_FAMILY = "1,2";
			};
			name = Debug;
		};
		346AF83225A4F53B004117C0 /* Release */ = {
			isa = XCBuildConfiguration;
			buildSettings = {
				ASSETCATALOG_COMPILER_APPICON_NAME = AppIcon;
				ASSETCATALOG_COMPILER_GLOBAL_ACCENT_COLOR_NAME = AccentColor;
				CODE_SIGN_STYLE = Automatic;
				DEVELOPMENT_ASSET_PATHS = "\"Sparkle/Preview Content\"";
				DEVELOPMENT_TEAM = 236Z8WKQJB;
				ENABLE_PREVIEWS = YES;
				INFOPLIST_FILE = Sparkle/Info.plist;
				LD_RUNPATH_SEARCH_PATHS = (
					"$(inherited)",
					"@executable_path/Frameworks",
				);
				PRODUCT_BUNDLE_IDENTIFIER = yinkin.Sparkle;
				PRODUCT_NAME = "$(TARGET_NAME)";
				SWIFT_VERSION = 5.0;
				TARGETED_DEVICE_FAMILY = "1,2";
			};
			name = Release;
		};
		346AF83425A4F53B004117C0 /* Debug */ = {
			isa = XCBuildConfiguration;
			buildSettings = {
				ALWAYS_EMBED_SWIFT_STANDARD_LIBRARIES = YES;
				BUNDLE_LOADER = "$(TEST_HOST)";
				CODE_SIGN_STYLE = Automatic;
				DEVELOPMENT_TEAM = 236Z8WKQJB;
				INFOPLIST_FILE = SparkleTests/Info.plist;
				IPHONEOS_DEPLOYMENT_TARGET = 14.3;
				LD_RUNPATH_SEARCH_PATHS = (
					"$(inherited)",
					"@executable_path/Frameworks",
					"@loader_path/Frameworks",
				);
				PRODUCT_BUNDLE_IDENTIFIER = yinkin.SparkleTests;
				PRODUCT_NAME = "$(TARGET_NAME)";
				SWIFT_VERSION = 5.0;
				TARGETED_DEVICE_FAMILY = "1,2";
				TEST_HOST = "$(BUILT_PRODUCTS_DIR)/Sparkle.app/Sparkle";
			};
			name = Debug;
		};
		346AF83525A4F53B004117C0 /* Release */ = {
			isa = XCBuildConfiguration;
			buildSettings = {
				ALWAYS_EMBED_SWIFT_STANDARD_LIBRARIES = YES;
				BUNDLE_LOADER = "$(TEST_HOST)";
				CODE_SIGN_STYLE = Automatic;
				DEVELOPMENT_TEAM = 236Z8WKQJB;
				INFOPLIST_FILE = SparkleTests/Info.plist;
				IPHONEOS_DEPLOYMENT_TARGET = 14.3;
				LD_RUNPATH_SEARCH_PATHS = (
					"$(inherited)",
					"@executable_path/Frameworks",
					"@loader_path/Frameworks",
				);
				PRODUCT_BUNDLE_IDENTIFIER = yinkin.SparkleTests;
				PRODUCT_NAME = "$(TARGET_NAME)";
				SWIFT_VERSION = 5.0;
				TARGETED_DEVICE_FAMILY = "1,2";
				TEST_HOST = "$(BUILT_PRODUCTS_DIR)/Sparkle.app/Sparkle";
			};
			name = Release;
		};
		346AF83725A4F53B004117C0 /* Debug */ = {
			isa = XCBuildConfiguration;
			buildSettings = {
				ALWAYS_EMBED_SWIFT_STANDARD_LIBRARIES = YES;
				CODE_SIGN_STYLE = Automatic;
				DEVELOPMENT_TEAM = 236Z8WKQJB;
				INFOPLIST_FILE = SparkleUITests/Info.plist;
				LD_RUNPATH_SEARCH_PATHS = (
					"$(inherited)",
					"@executable_path/Frameworks",
					"@loader_path/Frameworks",
				);
				PRODUCT_BUNDLE_IDENTIFIER = yinkin.SparkleUITests;
				PRODUCT_NAME = "$(TARGET_NAME)";
				SWIFT_VERSION = 5.0;
				TARGETED_DEVICE_FAMILY = "1,2";
				TEST_TARGET_NAME = Sparkle;
			};
			name = Debug;
		};
		346AF83825A4F53B004117C0 /* Release */ = {
			isa = XCBuildConfiguration;
			buildSettings = {
				ALWAYS_EMBED_SWIFT_STANDARD_LIBRARIES = YES;
				CODE_SIGN_STYLE = Automatic;
				DEVELOPMENT_TEAM = 236Z8WKQJB;
				INFOPLIST_FILE = SparkleUITests/Info.plist;
				LD_RUNPATH_SEARCH_PATHS = (
					"$(inherited)",
					"@executable_path/Frameworks",
					"@loader_path/Frameworks",
				);
				PRODUCT_BUNDLE_IDENTIFIER = yinkin.SparkleUITests;
				PRODUCT_NAME = "$(TARGET_NAME)";
				SWIFT_VERSION = 5.0;
				TARGETED_DEVICE_FAMILY = "1,2";
				TEST_TARGET_NAME = Sparkle;
			};
			name = Release;
		};
/* End XCBuildConfiguration section */

/* Begin XCConfigurationList section */
		346AF7FE25A4F539004117C0 /* Build configuration list for PBXProject "Sparkle" */ = {
			isa = XCConfigurationList;
			buildConfigurations = (
				346AF82E25A4F53B004117C0 /* Debug */,
				346AF82F25A4F53B004117C0 /* Release */,
			);
			defaultConfigurationIsVisible = 0;
			defaultConfigurationName = Release;
		};
		346AF83025A4F53B004117C0 /* Build configuration list for PBXNativeTarget "Sparkle" */ = {
			isa = XCConfigurationList;
			buildConfigurations = (
				346AF83125A4F53B004117C0 /* Debug */,
				346AF83225A4F53B004117C0 /* Release */,
			);
			defaultConfigurationIsVisible = 0;
			defaultConfigurationName = Release;
		};
		346AF83325A4F53B004117C0 /* Build configuration list for PBXNativeTarget "SparkleTests" */ = {
			isa = XCConfigurationList;
			buildConfigurations = (
				346AF83425A4F53B004117C0 /* Debug */,
				346AF83525A4F53B004117C0 /* Release */,
			);
			defaultConfigurationIsVisible = 0;
			defaultConfigurationName = Release;
		};
		346AF83625A4F53B004117C0 /* Build configuration list for PBXNativeTarget "SparkleUITests" */ = {
			isa = XCConfigurationList;
			buildConfigurations = (
				346AF83725A4F53B004117C0 /* Debug */,
				346AF83825A4F53B004117C0 /* Release */,
			);
			defaultConfigurationIsVisible = 0;
			defaultConfigurationName = Release;
		};
/* End XCConfigurationList section */

/* Begin XCVersionGroup section */
		346AF80C25A4F53A004117C0 /* Sparkle.xcdatamodeld */ = {
			isa = XCVersionGroup;
			children = (
				346AF80D25A4F53A004117C0 /* Sparkle.xcdatamodel */,
			);
			currentVersion = 346AF80D25A4F53A004117C0 /* Sparkle.xcdatamodel */;
			path = Sparkle.xcdatamodeld;
			sourceTree = "<group>";
			versionGroupType = wrapper.xcdatamodel;
		};
/* End XCVersionGroup section */
	};
	rootObject = 346AF7FB25A4F539004117C0 /* Project object */;
}
