// !$*UTF8*$!
{
	archiveVersion = 1;
	classes = {
	};
	objectVersion = 51;
	objects = {

/* Begin PBXBuildFile section */
		34119A3A25F0AE2700A98D62 /* ServiceSelctionsUIView.swift in Sources */ = {isa = PBXBuildFile; fileRef = 34119A3925F0AE2700A98D62 /* ServiceSelctionsUIView.swift */; };
		3444A34026151E8B009A4BCD /* StartingView.swift in Sources */ = {isa = PBXBuildFile; fileRef = 3444A33F26151E8B009A4BCD /* StartingView.swift */; };
		3444A34626152265009A4BCD /* Network.swift in Sources */ = {isa = PBXBuildFile; fileRef = 3444A34526152265009A4BCD /* Network.swift */; };
		3444A35026153E05009A4BCD /* CustomTopbarBackButtonModifier.swift in Sources */ = {isa = PBXBuildFile; fileRef = 3444A34F26153E05009A4BCD /* CustomTopbarBackButtonModifier.swift */; };
		3451A70325F72B2900D79E8F /* videoView.swift in Sources */ = {isa = PBXBuildFile; fileRef = 3451A70225F72B2900D79E8F /* videoView.swift */; };
		345DC3BB260E5C8600757A94 /* RegisterView.swift in Sources */ = {isa = PBXBuildFile; fileRef = 345DC3BA260E5C8600757A94 /* RegisterView.swift */; };
		345DC3C0260E6E1700757A94 /* CheckView.swift in Sources */ = {isa = PBXBuildFile; fileRef = 345DC3BF260E6E1700757A94 /* CheckView.swift */; };
		3463BE4C260180530071675F /* Fbhandler.swift in Sources */ = {isa = PBXBuildFile; fileRef = 3463BE4B260180530071675F /* Fbhandler.swift */; };
		346AF80725A4F53A004117C0 /* AppDelegate.swift in Sources */ = {isa = PBXBuildFile; fileRef = 346AF80625A4F53A004117C0 /* AppDelegate.swift */; };
		346AF80925A4F53A004117C0 /* SceneDelegate.swift in Sources */ = {isa = PBXBuildFile; fileRef = 346AF80825A4F53A004117C0 /* SceneDelegate.swift */; };
		346AF80B25A4F53A004117C0 /* ContentView.swift in Sources */ = {isa = PBXBuildFile; fileRef = 346AF80A25A4F53A004117C0 /* ContentView.swift */; };
		346AF80E25A4F53A004117C0 /* Sparkle.xcdatamodeld in Sources */ = {isa = PBXBuildFile; fileRef = 346AF80C25A4F53A004117C0 /* Sparkle.xcdatamodeld */; };
		346AF81025A4F53B004117C0 /* Assets.xcassets in Resources */ = {isa = PBXBuildFile; fileRef = 346AF80F25A4F53B004117C0 /* Assets.xcassets */; };
		346AF81325A4F53B004117C0 /* Preview Assets.xcassets in Resources */ = {isa = PBXBuildFile; fileRef = 346AF81225A4F53B004117C0 /* Preview Assets.xcassets */; };
		346AF81625A4F53B004117C0 /* LaunchScreen.storyboard in Resources */ = {isa = PBXBuildFile; fileRef = 346AF81425A4F53B004117C0 /* LaunchScreen.storyboard */; };
		346AF82125A4F53B004117C0 /* SparkleTests.swift in Sources */ = {isa = PBXBuildFile; fileRef = 346AF82025A4F53B004117C0 /* SparkleTests.swift */; };
		346AF82C25A4F53B004117C0 /* SparkleUITests.swift in Sources */ = {isa = PBXBuildFile; fileRef = 346AF82B25A4F53B004117C0 /* SparkleUITests.swift */; };
		346AF83D25A4FD94004117C0 /* HomeView.swift in Sources */ = {isa = PBXBuildFile; fileRef = 346AF83C25A4FD94004117C0 /* HomeView.swift */; };
		346AF83E25A4FD94004117C0 /* HomeView.swift in Sources */ = {isa = PBXBuildFile; fileRef = 346AF83C25A4FD94004117C0 /* HomeView.swift */; };
		346AF83F25A4FD94004117C0 /* HomeView.swift in Sources */ = {isa = PBXBuildFile; fileRef = 346AF83C25A4FD94004117C0 /* HomeView.swift */; };
		346AF84425A50252004117C0 /* CalenderUIView.swift in Sources */ = {isa = PBXBuildFile; fileRef = 346AF84325A50252004117C0 /* CalenderUIView.swift */; };
		346AF84525A50252004117C0 /* CalenderUIView.swift in Sources */ = {isa = PBXBuildFile; fileRef = 346AF84325A50252004117C0 /* CalenderUIView.swift */; };
		346AF84625A50252004117C0 /* CalenderUIView.swift in Sources */ = {isa = PBXBuildFile; fileRef = 346AF84325A50252004117C0 /* CalenderUIView.swift */; };
		346AF84B25A50E45004117C0 /* ProfileUIView.swift in Sources */ = {isa = PBXBuildFile; fileRef = 346AF84A25A50E45004117C0 /* ProfileUIView.swift */; };
		346AF85225A50F48004117C0 /* WorkerListUIView.swift in Sources */ = {isa = PBXBuildFile; fileRef = 346AF85125A50F48004117C0 /* WorkerListUIView.swift */; };
		346AF85325A50F48004117C0 /* WorkerListUIView.swift in Sources */ = {isa = PBXBuildFile; fileRef = 346AF85125A50F48004117C0 /* WorkerListUIView.swift */; };
		346AF85425A50F48004117C0 /* WorkerListUIView.swift in Sources */ = {isa = PBXBuildFile; fileRef = 346AF85125A50F48004117C0 /* WorkerListUIView.swift */; };
		346AF85925A52648004117C0 /* FloatingMenuUIView.swift in Sources */ = {isa = PBXBuildFile; fileRef = 346AF85825A52648004117C0 /* FloatingMenuUIView.swift */; };
		346AF85A25A52648004117C0 /* FloatingMenuUIView.swift in Sources */ = {isa = PBXBuildFile; fileRef = 346AF85825A52648004117C0 /* FloatingMenuUIView.swift */; };
		346AF85B25A52648004117C0 /* FloatingMenuUIView.swift in Sources */ = {isa = PBXBuildFile; fileRef = 346AF85825A52648004117C0 /* FloatingMenuUIView.swift */; };
		346AF86025A53BF5004117C0 /* SelectServiceUIView.swift in Sources */ = {isa = PBXBuildFile; fileRef = 346AF85F25A53BF5004117C0 /* SelectServiceUIView.swift */; };
		346AF86125A53BF5004117C0 /* SelectServiceUIView.swift in Sources */ = {isa = PBXBuildFile; fileRef = 346AF85F25A53BF5004117C0 /* SelectServiceUIView.swift */; };
		346AF86225A53BF5004117C0 /* SelectServiceUIView.swift in Sources */ = {isa = PBXBuildFile; fileRef = 346AF85F25A53BF5004117C0 /* SelectServiceUIView.swift */; };
		346AF86725A53E4B004117C0 /* ArrivalTimeFormUIView.swift in Sources */ = {isa = PBXBuildFile; fileRef = 346AF86625A53E4B004117C0 /* ArrivalTimeFormUIView.swift */; };
		346AF86825A53E4B004117C0 /* ArrivalTimeFormUIView.swift in Sources */ = {isa = PBXBuildFile; fileRef = 346AF86625A53E4B004117C0 /* ArrivalTimeFormUIView.swift */; };
		346AF86925A53E4B004117C0 /* ArrivalTimeFormUIView.swift in Sources */ = {isa = PBXBuildFile; fileRef = 346AF86625A53E4B004117C0 /* ArrivalTimeFormUIView.swift */; };
		346AF88F25A54CA0004117C0 /* doc in Resources */ = {isa = PBXBuildFile; fileRef = 346AF88E25A54CA0004117C0 /* doc */; };
		3477C54C25E2FA7700B0F2E2 /* FirebaseSignInViewController.swift in Sources */ = {isa = PBXBuildFile; fileRef = 3477C54B25E2FA7700B0F2E2 /* FirebaseSignInViewController.swift */; };
		3477C55425E2FD6C00B0F2E2 /* Main.storyboard in Resources */ = {isa = PBXBuildFile; fileRef = 3477C55325E2FD6C00B0F2E2 /* Main.storyboard */; };
		34810C7C2612D0C300D7BC9C /* JobDetailsView.swift in Sources */ = {isa = PBXBuildFile; fileRef = 34810C7B2612D0C300D7BC9C /* JobDetailsView.swift */; };
		3496987B260BDB1700D90A14 /* FavoriteView.swift in Sources */ = {isa = PBXBuildFile; fileRef = 3496987A260BDB1700D90A14 /* FavoriteView.swift */; };
		34969881260BE87D00D90A14 /* PastView.swift in Sources */ = {isa = PBXBuildFile; fileRef = 34969880260BE87D00D90A14 /* PastView.swift */; };
		34988F8F25F8822600125E01 /* AccountView.swift in Sources */ = {isa = PBXBuildFile; fileRef = 34988F8E25F8822600125E01 /* AccountView.swift */; };
		34988F9725F8826100125E01 /* ChangePasswordView.swift in Sources */ = {isa = PBXBuildFile; fileRef = 34988F9625F8826100125E01 /* ChangePasswordView.swift */; };
		34988F9C25F8827A00125E01 /* PaymentView.swift in Sources */ = {isa = PBXBuildFile; fileRef = 34988F9B25F8827A00125E01 /* PaymentView.swift */; };
		34988FA125F8829B00125E01 /* SupportView.swift in Sources */ = {isa = PBXBuildFile; fileRef = 34988FA025F8829B00125E01 /* SupportView.swift */; };
		34988FA625F882C200125E01 /* LocationOptionView.swift in Sources */ = {isa = PBXBuildFile; fileRef = 34988FA525F882C200125E01 /* LocationOptionView.swift */; };
		34988FAB25F882D600125E01 /* PromoView.swift in Sources */ = {isa = PBXBuildFile; fileRef = 34988FAA25F882D600125E01 /* PromoView.swift */; };
		34988FB225F88B6C00125E01 /* SettingsObject.swift in Sources */ = {isa = PBXBuildFile; fileRef = 34988FB125F88B6C00125E01 /* SettingsObject.swift */; };
		34988FB825F891B200125E01 /* NotificationOptionView.swift in Sources */ = {isa = PBXBuildFile; fileRef = 34988FB725F891B100125E01 /* NotificationOptionView.swift */; };
		349E56222613AE0A0089245E /* GridView.swift in Sources */ = {isa = PBXBuildFile; fileRef = 349E56212613AE0A0089245E /* GridView.swift */; };
		34A81C3C25EDFB96006BEB40 /* LoginView.swift in Sources */ = {isa = PBXBuildFile; fileRef = 34A81C3B25EDFB96006BEB40 /* LoginView.swift */; };
		34AE775B25E2EE97009F64F8 /* GoogleService-Info.plist in Resources */ = {isa = PBXBuildFile; fileRef = 34AE775A25E2EE97009F64F8 /* GoogleService-Info.plist */; };
		34D93A592608666300201EC3 /* IconView.swift in Sources */ = {isa = PBXBuildFile; fileRef = 34D93A582608666300201EC3 /* IconView.swift */; };
		34DA3184261A4D55004BD4CD /* CoreDataStack.swift in Sources */ = {isa = PBXBuildFile; fileRef = 34DA3183261A4D55004BD4CD /* CoreDataStack.swift */; };
		34E550F6260C4A5900BFB49C /* ServiceRepository.swift in Sources */ = {isa = PBXBuildFile; fileRef = 34E550F5260C4A5900BFB49C /* ServiceRepository.swift */; };
		34EFABC025F9EE4500DAD70D /* User.swift in Sources */ = {isa = PBXBuildFile; fileRef = 34EFABBF25F9EE4500DAD70D /* User.swift */; };
		34FAF37C2609470800F125F9 /* BottomSheetView.swift in Sources */ = {isa = PBXBuildFile; fileRef = 34FAF37B2609470800F125F9 /* BottomSheetView.swift */; };
		34FAF38526094ED700F125F9 /* FavoriteButton.swift in Sources */ = {isa = PBXBuildFile; fileRef = 34FAF38426094ED700F125F9 /* FavoriteButton.swift */; };
		34FAF38A2609530A00F125F9 /* Service.swift in Sources */ = {isa = PBXBuildFile; fileRef = 34FAF3892609530A00F125F9 /* Service.swift */; };
		8E1BD135863F9F86CA34CECD /* Pods_Sparkle_SparkleUITests.framework in Frameworks */ = {isa = PBXBuildFile; fileRef = 60233BCCF9079513DBF3081B /* Pods_Sparkle_SparkleUITests.framework */; };
		B3E7E5A06E65626F11EDAF75 /* Pods_Sparkle.framework in Frameworks */ = {isa = PBXBuildFile; fileRef = 30C51F4DD89484E10BBC370B /* Pods_Sparkle.framework */; };
		F0B67E862C7D0EB99973B2D4 /* Pods_SparkleTests.framework in Frameworks */ = {isa = PBXBuildFile; fileRef = A83DC558FBA36C9BD7CC60BC /* Pods_SparkleTests.framework */; };
/* End PBXBuildFile section */

/* Begin PBXContainerItemProxy section */
		346AF81D25A4F53B004117C0 /* PBXContainerItemProxy */ = {
			isa = PBXContainerItemProxy;
			containerPortal = 346AF7FB25A4F539004117C0 /* Project object */;
			proxyType = 1;
			remoteGlobalIDString = 346AF80225A4F539004117C0;
			remoteInfo = Sparkle;
		};
		346AF82825A4F53B004117C0 /* PBXContainerItemProxy */ = {
			isa = PBXContainerItemProxy;
			containerPortal = 346AF7FB25A4F539004117C0 /* Project object */;
			proxyType = 1;
			remoteGlobalIDString = 346AF80225A4F539004117C0;
			remoteInfo = Sparkle;
		};
/* End PBXContainerItemProxy section */

/* Begin PBXFileReference section */
		15F0D1C9EAD7113D43CAFAC2 /* Pods-Sparkle.debug.xcconfig */ = {isa = PBXFileReference; includeInIndex = 1; lastKnownFileType = text.xcconfig; name = "Pods-Sparkle.debug.xcconfig"; path = "Target Support Files/Pods-Sparkle/Pods-Sparkle.debug.xcconfig"; sourceTree = "<group>"; };
		1884E0302FA1ADBA7534EC31 /* Pods-Sparkle-SparkleUITests.debug.xcconfig */ = {isa = PBXFileReference; includeInIndex = 1; lastKnownFileType = text.xcconfig; name = "Pods-Sparkle-SparkleUITests.debug.xcconfig"; path = "Target Support Files/Pods-Sparkle-SparkleUITests/Pods-Sparkle-SparkleUITests.debug.xcconfig"; sourceTree = "<group>"; };
		30C51F4DD89484E10BBC370B /* Pods_Sparkle.framework */ = {isa = PBXFileReference; explicitFileType = wrapper.framework; includeInIndex = 0; path = Pods_Sparkle.framework; sourceTree = BUILT_PRODUCTS_DIR; };
		34119A3925F0AE2700A98D62 /* ServiceSelctionsUIView.swift */ = {isa = PBXFileReference; lastKnownFileType = sourcecode.swift; path = ServiceSelctionsUIView.swift; sourceTree = "<group>"; };
		3444A33F26151E8B009A4BCD /* StartingView.swift */ = {isa = PBXFileReference; lastKnownFileType = sourcecode.swift; path = StartingView.swift; sourceTree = "<group>"; };
		3444A34526152265009A4BCD /* Network.swift */ = {isa = PBXFileReference; lastKnownFileType = sourcecode.swift; path = Network.swift; sourceTree = "<group>"; };
		3444A34F26153E05009A4BCD /* CustomTopbarBackButtonModifier.swift */ = {isa = PBXFileReference; lastKnownFileType = sourcecode.swift; path = CustomTopbarBackButtonModifier.swift; sourceTree = "<group>"; };
		3451A70225F72B2900D79E8F /* videoView.swift */ = {isa = PBXFileReference; lastKnownFileType = sourcecode.swift; path = videoView.swift; sourceTree = "<group>"; };
		345DC3BA260E5C8600757A94 /* RegisterView.swift */ = {isa = PBXFileReference; lastKnownFileType = sourcecode.swift; path = RegisterView.swift; sourceTree = "<group>"; };
		345DC3BF260E6E1700757A94 /* CheckView.swift */ = {isa = PBXFileReference; lastKnownFileType = sourcecode.swift; path = CheckView.swift; sourceTree = "<group>"; };
		3463BE4B260180530071675F /* Fbhandler.swift */ = {isa = PBXFileReference; lastKnownFileType = sourcecode.swift; path = Fbhandler.swift; sourceTree = "<group>"; };
		346AF80325A4F539004117C0 /* Sparkle.app */ = {isa = PBXFileReference; explicitFileType = wrapper.application; includeInIndex = 0; path = Sparkle.app; sourceTree = BUILT_PRODUCTS_DIR; };
		346AF80625A4F53A004117C0 /* AppDelegate.swift */ = {isa = PBXFileReference; lastKnownFileType = sourcecode.swift; path = AppDelegate.swift; sourceTree = "<group>"; };
		346AF80825A4F53A004117C0 /* SceneDelegate.swift */ = {isa = PBXFileReference; lastKnownFileType = sourcecode.swift; path = SceneDelegate.swift; sourceTree = "<group>"; };
		346AF80A25A4F53A004117C0 /* ContentView.swift */ = {isa = PBXFileReference; lastKnownFileType = sourcecode.swift; path = ContentView.swift; sourceTree = "<group>"; };
		346AF80D25A4F53A004117C0 /* Sparkle.xcdatamodel */ = {isa = PBXFileReference; lastKnownFileType = wrapper.xcdatamodel; path = Sparkle.xcdatamodel; sourceTree = "<group>"; };
		346AF80F25A4F53B004117C0 /* Assets.xcassets */ = {isa = PBXFileReference; lastKnownFileType = folder.assetcatalog; path = Assets.xcassets; sourceTree = "<group>"; };
		346AF81225A4F53B004117C0 /* Preview Assets.xcassets */ = {isa = PBXFileReference; lastKnownFileType = folder.assetcatalog; path = "Preview Assets.xcassets"; sourceTree = "<group>"; };
		346AF81525A4F53B004117C0 /* Base */ = {isa = PBXFileReference; lastKnownFileType = file.storyboard; name = Base; path = Base.lproj/LaunchScreen.storyboard; sourceTree = "<group>"; };
		346AF81725A4F53B004117C0 /* Info.plist */ = {isa = PBXFileReference; lastKnownFileType = text.plist.xml; path = Info.plist; sourceTree = "<group>"; };
		346AF81C25A4F53B004117C0 /* SparkleTests.xctest */ = {isa = PBXFileReference; explicitFileType = wrapper.cfbundle; includeInIndex = 0; path = SparkleTests.xctest; sourceTree = BUILT_PRODUCTS_DIR; };
		346AF82025A4F53B004117C0 /* SparkleTests.swift */ = {isa = PBXFileReference; lastKnownFileType = sourcecode.swift; path = SparkleTests.swift; sourceTree = "<group>"; };
		346AF82225A4F53B004117C0 /* Info.plist */ = {isa = PBXFileReference; lastKnownFileType = text.plist.xml; path = Info.plist; sourceTree = "<group>"; };
		346AF82725A4F53B004117C0 /* SparkleUITests.xctest */ = {isa = PBXFileReference; explicitFileType = wrapper.cfbundle; includeInIndex = 0; path = SparkleUITests.xctest; sourceTree = BUILT_PRODUCTS_DIR; };
		346AF82B25A4F53B004117C0 /* SparkleUITests.swift */ = {isa = PBXFileReference; lastKnownFileType = sourcecode.swift; path = SparkleUITests.swift; sourceTree = "<group>"; };
		346AF82D25A4F53B004117C0 /* Info.plist */ = {isa = PBXFileReference; lastKnownFileType = text.plist.xml; path = Info.plist; sourceTree = "<group>"; };
		346AF83C25A4FD94004117C0 /* HomeView.swift */ = {isa = PBXFileReference; lastKnownFileType = sourcecode.swift; path = HomeView.swift; sourceTree = "<group>"; };
		346AF84325A50252004117C0 /* CalenderUIView.swift */ = {isa = PBXFileReference; lastKnownFileType = sourcecode.swift; path = CalenderUIView.swift; sourceTree = "<group>"; };
		346AF84A25A50E45004117C0 /* ProfileUIView.swift */ = {isa = PBXFileReference; lastKnownFileType = sourcecode.swift; path = ProfileUIView.swift; sourceTree = "<group>"; };
		346AF85125A50F48004117C0 /* WorkerListUIView.swift */ = {isa = PBXFileReference; lastKnownFileType = sourcecode.swift; path = WorkerListUIView.swift; sourceTree = "<group>"; };
		346AF85825A52648004117C0 /* FloatingMenuUIView.swift */ = {isa = PBXFileReference; lastKnownFileType = sourcecode.swift; path = FloatingMenuUIView.swift; sourceTree = "<group>"; };
		346AF85F25A53BF5004117C0 /* SelectServiceUIView.swift */ = {isa = PBXFileReference; lastKnownFileType = sourcecode.swift; path = SelectServiceUIView.swift; sourceTree = "<group>"; };
		346AF86625A53E4B004117C0 /* ArrivalTimeFormUIView.swift */ = {isa = PBXFileReference; lastKnownFileType = sourcecode.swift; path = ArrivalTimeFormUIView.swift; sourceTree = "<group>"; };
		346AF88225A54B6D004117C0 /* README.md */ = {isa = PBXFileReference; lastKnownFileType = net.daringfireball.markdown; path = README.md; sourceTree = "<group>"; };
		346AF88E25A54CA0004117C0 /* doc */ = {isa = PBXFileReference; lastKnownFileType = folder; path = doc; sourceTree = "<group>"; };
		3477C54B25E2FA7700B0F2E2 /* FirebaseSignInViewController.swift */ = {isa = PBXFileReference; lastKnownFileType = sourcecode.swift; path = FirebaseSignInViewController.swift; sourceTree = "<group>"; };
		3477C55325E2FD6C00B0F2E2 /* Main.storyboard */ = {isa = PBXFileReference; lastKnownFileType = file.storyboard; path = Main.storyboard; sourceTree = "<group>"; };
		34810C7B2612D0C300D7BC9C /* JobDetailsView.swift */ = {isa = PBXFileReference; lastKnownFileType = sourcecode.swift; path = JobDetailsView.swift; sourceTree = "<group>"; };
		3496987A260BDB1700D90A14 /* FavoriteView.swift */ = {isa = PBXFileReference; lastKnownFileType = sourcecode.swift; path = FavoriteView.swift; sourceTree = "<group>"; };
		34969880260BE87D00D90A14 /* PastView.swift */ = {isa = PBXFileReference; lastKnownFileType = sourcecode.swift; path = PastView.swift; sourceTree = "<group>"; };
		34988F8E25F8822600125E01 /* AccountView.swift */ = {isa = PBXFileReference; lastKnownFileType = sourcecode.swift; path = AccountView.swift; sourceTree = "<group>"; };
		34988F9625F8826100125E01 /* ChangePasswordView.swift */ = {isa = PBXFileReference; lastKnownFileType = sourcecode.swift; path = ChangePasswordView.swift; sourceTree = "<group>"; };
		34988F9B25F8827A00125E01 /* PaymentView.swift */ = {isa = PBXFileReference; lastKnownFileType = sourcecode.swift; path = PaymentView.swift; sourceTree = "<group>"; };
		34988FA025F8829B00125E01 /* SupportView.swift */ = {isa = PBXFileReference; lastKnownFileType = sourcecode.swift; path = SupportView.swift; sourceTree = "<group>"; };
		34988FA525F882C200125E01 /* LocationOptionView.swift */ = {isa = PBXFileReference; lastKnownFileType = sourcecode.swift; path = LocationOptionView.swift; sourceTree = "<group>"; };
		34988FAA25F882D600125E01 /* PromoView.swift */ = {isa = PBXFileReference; lastKnownFileType = sourcecode.swift; path = PromoView.swift; sourceTree = "<group>"; };
		34988FB125F88B6C00125E01 /* SettingsObject.swift */ = {isa = PBXFileReference; lastKnownFileType = sourcecode.swift; path = SettingsObject.swift; sourceTree = "<group>"; };
		34988FB725F891B100125E01 /* NotificationOptionView.swift */ = {isa = PBXFileReference; lastKnownFileType = sourcecode.swift; path = NotificationOptionView.swift; sourceTree = "<group>"; };
		349E56212613AE0A0089245E /* GridView.swift */ = {isa = PBXFileReference; fileEncoding = 4; lastKnownFileType = sourcecode.swift; path = GridView.swift; sourceTree = "<group>"; };
		34A81C3B25EDFB96006BEB40 /* LoginView.swift */ = {isa = PBXFileReference; lastKnownFileType = sourcecode.swift; path = LoginView.swift; sourceTree = "<group>"; };
		34AE775A25E2EE97009F64F8 /* GoogleService-Info.plist */ = {isa = PBXFileReference; fileEncoding = 4; lastKnownFileType = text.plist.xml; path = "GoogleService-Info.plist"; sourceTree = "<group>"; };
		34D93A582608666300201EC3 /* IconView.swift */ = {isa = PBXFileReference; lastKnownFileType = sourcecode.swift; path = IconView.swift; sourceTree = "<group>"; };
		34DA3183261A4D55004BD4CD /* CoreDataStack.swift */ = {isa = PBXFileReference; lastKnownFileType = sourcecode.swift; path = CoreDataStack.swift; sourceTree = "<group>"; };
		34E550F1260C2FEF00BFB49C /* Sparkle.entitlements */ = {isa = PBXFileReference; lastKnownFileType = text.plist.entitlements; path = Sparkle.entitlements; sourceTree = "<group>"; };
		34E550F5260C4A5900BFB49C /* ServiceRepository.swift */ = {isa = PBXFileReference; lastKnownFileType = sourcecode.swift; path = ServiceRepository.swift; sourceTree = "<group>"; };
		34EFABBF25F9EE4500DAD70D /* User.swift */ = {isa = PBXFileReference; lastKnownFileType = sourcecode.swift; path = User.swift; sourceTree = "<group>"; };
		34FAF37B2609470800F125F9 /* BottomSheetView.swift */ = {isa = PBXFileReference; lastKnownFileType = sourcecode.swift; path = BottomSheetView.swift; sourceTree = "<group>"; };
		34FAF38426094ED700F125F9 /* FavoriteButton.swift */ = {isa = PBXFileReference; fileEncoding = 4; lastKnownFileType = sourcecode.swift; path = FavoriteButton.swift; sourceTree = "<group>"; };
		34FAF3892609530A00F125F9 /* Service.swift */ = {isa = PBXFileReference; lastKnownFileType = sourcecode.swift; path = Service.swift; sourceTree = "<group>"; };
		3E09A43EA356D88B249AB3F8 /* Pods-SparkleTests.debug.xcconfig */ = {isa = PBXFileReference; includeInIndex = 1; lastKnownFileType = text.xcconfig; name = "Pods-SparkleTests.debug.xcconfig"; path = "Target Support Files/Pods-SparkleTests/Pods-SparkleTests.debug.xcconfig"; sourceTree = "<group>"; };
		533302F51D9A07FBE39923B6 /* Pods-SparkleTests.release.xcconfig */ = {isa = PBXFileReference; includeInIndex = 1; lastKnownFileType = text.xcconfig; name = "Pods-SparkleTests.release.xcconfig"; path = "Target Support Files/Pods-SparkleTests/Pods-SparkleTests.release.xcconfig"; sourceTree = "<group>"; };
		60233BCCF9079513DBF3081B /* Pods_Sparkle_SparkleUITests.framework */ = {isa = PBXFileReference; explicitFileType = wrapper.framework; includeInIndex = 0; path = Pods_Sparkle_SparkleUITests.framework; sourceTree = BUILT_PRODUCTS_DIR; };
		61952079DBD4E799AA6922EF /* Pods-Sparkle.release.xcconfig */ = {isa = PBXFileReference; includeInIndex = 1; lastKnownFileType = text.xcconfig; name = "Pods-Sparkle.release.xcconfig"; path = "Target Support Files/Pods-Sparkle/Pods-Sparkle.release.xcconfig"; sourceTree = "<group>"; };
		A83DC558FBA36C9BD7CC60BC /* Pods_SparkleTests.framework */ = {isa = PBXFileReference; explicitFileType = wrapper.framework; includeInIndex = 0; path = Pods_SparkleTests.framework; sourceTree = BUILT_PRODUCTS_DIR; };
		ABE5E3F2FD00B12E6ECB7BDD /* Pods-Sparkle-SparkleUITests.release.xcconfig */ = {isa = PBXFileReference; includeInIndex = 1; lastKnownFileType = text.xcconfig; name = "Pods-Sparkle-SparkleUITests.release.xcconfig"; path = "Target Support Files/Pods-Sparkle-SparkleUITests/Pods-Sparkle-SparkleUITests.release.xcconfig"; sourceTree = "<group>"; };
/* End PBXFileReference section */

/* Begin PBXFrameworksBuildPhase section */
		346AF80025A4F539004117C0 /* Frameworks */ = {
			isa = PBXFrameworksBuildPhase;
			buildActionMask = 2147483647;
			files = (
				B3E7E5A06E65626F11EDAF75 /* Pods_Sparkle.framework in Frameworks */,
			);
			runOnlyForDeploymentPostprocessing = 0;
		};
		346AF81925A4F53B004117C0 /* Frameworks */ = {
			isa = PBXFrameworksBuildPhase;
			buildActionMask = 2147483647;
			files = (
				F0B67E862C7D0EB99973B2D4 /* Pods_SparkleTests.framework in Frameworks */,
			);
			runOnlyForDeploymentPostprocessing = 0;
		};
		346AF82425A4F53B004117C0 /* Frameworks */ = {
			isa = PBXFrameworksBuildPhase;
			buildActionMask = 2147483647;
			files = (
				8E1BD135863F9F86CA34CECD /* Pods_Sparkle_SparkleUITests.framework in Frameworks */,
			);
			runOnlyForDeploymentPostprocessing = 0;
		};
/* End PBXFrameworksBuildPhase section */

/* Begin PBXGroup section */
		3444A344261520FA009A4BCD /* Networking */ = {
			isa = PBXGroup;
			children = (
				3444A34526152265009A4BCD /* Network.swift */,
			);
			path = Networking;
			sourceTree = "<group>";
		};
		34626A889E8E6B57071673F9 /* Pods */ = {
			isa = PBXGroup;
			children = (
				15F0D1C9EAD7113D43CAFAC2 /* Pods-Sparkle.debug.xcconfig */,
				61952079DBD4E799AA6922EF /* Pods-Sparkle.release.xcconfig */,
				1884E0302FA1ADBA7534EC31 /* Pods-Sparkle-SparkleUITests.debug.xcconfig */,
				ABE5E3F2FD00B12E6ECB7BDD /* Pods-Sparkle-SparkleUITests.release.xcconfig */,
				3E09A43EA356D88B249AB3F8 /* Pods-SparkleTests.debug.xcconfig */,
				533302F51D9A07FBE39923B6 /* Pods-SparkleTests.release.xcconfig */,
			);
			path = Pods;
			sourceTree = "<group>";
		};
		3462C608260FCFE10007A532 /* Account */ = {
			isa = PBXGroup;
			children = (
				345DC3BA260E5C8600757A94 /* RegisterView.swift */,
				34A81C3B25EDFB96006BEB40 /* LoginView.swift */,
				346AF84A25A50E45004117C0 /* ProfileUIView.swift */,
			);
			path = Account;
			sourceTree = "<group>";
		};
		3462C60F260FD04B0007A532 /* businesslogic */ = {
			isa = PBXGroup;
			children = (
				3451A70225F72B2900D79E8F /* videoView.swift */,
				34119A3925F0AE2700A98D62 /* ServiceSelctionsUIView.swift */,
				346AF84325A50252004117C0 /* CalenderUIView.swift */,
				346AF86625A53E4B004117C0 /* ArrivalTimeFormUIView.swift */,
				346AF85F25A53BF5004117C0 /* SelectServiceUIView.swift */,
				34969880260BE87D00D90A14 /* PastView.swift */,
				34810C7B2612D0C300D7BC9C /* JobDetailsView.swift */,
				346AF85125A50F48004117C0 /* WorkerListUIView.swift */,
				3496987A260BDB1700D90A14 /* FavoriteView.swift */,
				346AF85825A52648004117C0 /* FloatingMenuUIView.swift */,
			);
			path = businesslogic;
			sourceTree = "<group>";
		};
		346AF7FA25A4F539004117C0 = {
			isa = PBXGroup;
			children = (
				346AF88E25A54CA0004117C0 /* doc */,
				346AF88225A54B6D004117C0 /* README.md */,
				346AF80525A4F539004117C0 /* Sparkle */,
				346AF81F25A4F53B004117C0 /* SparkleTests */,
				346AF82A25A4F53B004117C0 /* SparkleUITests */,
				346AF80425A4F539004117C0 /* Products */,
				34626A889E8E6B57071673F9 /* Pods */,
				BBB834FC2ACD5A8868C809E7 /* Frameworks */,
			);
			sourceTree = "<group>";
		};
		346AF80425A4F539004117C0 /* Products */ = {
			isa = PBXGroup;
			children = (
				346AF80325A4F539004117C0 /* Sparkle.app */,
				346AF81C25A4F53B004117C0 /* SparkleTests.xctest */,
				346AF82725A4F53B004117C0 /* SparkleUITests.xctest */,
			);
			name = Products;
			sourceTree = "<group>";
		};
		346AF80525A4F539004117C0 /* Sparkle */ = {
			isa = PBXGroup;
			children = (
				34E550F1260C2FEF00BFB49C /* Sparkle.entitlements */,
				34FAF38326094ECB00F125F9 /* helper */,
				34988FB025F88B3800125E01 /* model */,
				34988F8D25F8820400125E01 /* profileViews */,
				34AE775A25E2EE97009F64F8 /* GoogleService-Info.plist */,
				3477C55325E2FD6C00B0F2E2 /* Main.storyboard */,
				346AF80625A4F53A004117C0 /* AppDelegate.swift */,
				3477C54B25E2FA7700B0F2E2 /* FirebaseSignInViewController.swift */,
				346AF80825A4F53A004117C0 /* SceneDelegate.swift */,
				34DA3183261A4D55004BD4CD /* CoreDataStack.swift */,
				3444A33F26151E8B009A4BCD /* StartingView.swift */,
				346AF80A25A4F53A004117C0 /* ContentView.swift */,
				3462C60F260FD04B0007A532 /* businesslogic */,
				3462C608260FCFE10007A532 /* Account */,
				346AF83C25A4FD94004117C0 /* HomeView.swift */,
				3444A344261520FA009A4BCD /* Networking */,
				346AF80F25A4F53B004117C0 /* Assets.xcassets */,
				346AF81425A4F53B004117C0 /* LaunchScreen.storyboard */,
				346AF81725A4F53B004117C0 /* Info.plist */,
				346AF80C25A4F53A004117C0 /* Sparkle.xcdatamodeld */,
				346AF81125A4F53B004117C0 /* Preview Content */,
			);
			path = Sparkle;
			sourceTree = "<group>";
		};
		346AF81125A4F53B004117C0 /* Preview Content */ = {
			isa = PBXGroup;
			children = (
				346AF81225A4F53B004117C0 /* Preview Assets.xcassets */,
			);
			path = "Preview Content";
			sourceTree = "<group>";
		};
		346AF81F25A4F53B004117C0 /* SparkleTests */ = {
			isa = PBXGroup;
			children = (
				346AF82025A4F53B004117C0 /* SparkleTests.swift */,
				346AF82225A4F53B004117C0 /* Info.plist */,
			);
			path = SparkleTests;
			sourceTree = "<group>";
		};
		346AF82A25A4F53B004117C0 /* SparkleUITests */ = {
			isa = PBXGroup;
			children = (
				346AF82B25A4F53B004117C0 /* SparkleUITests.swift */,
				346AF82D25A4F53B004117C0 /* Info.plist */,
			);
			path = SparkleUITests;
			sourceTree = "<group>";
		};
		34988F8D25F8820400125E01 /* profileViews */ = {
			isa = PBXGroup;
			children = (
				34988F8E25F8822600125E01 /* AccountView.swift */,
				34988F9625F8826100125E01 /* ChangePasswordView.swift */,
				34988F9B25F8827A00125E01 /* PaymentView.swift */,
				34988FA025F8829B00125E01 /* SupportView.swift */,
				34988FA525F882C200125E01 /* LocationOptionView.swift */,
				34988FAA25F882D600125E01 /* PromoView.swift */,
				34988FB725F891B100125E01 /* NotificationOptionView.swift */,
				34FAF37B2609470800F125F9 /* BottomSheetView.swift */,
			);
			path = profileViews;
			sourceTree = "<group>";
		};
		34988FB025F88B3800125E01 /* model */ = {
			isa = PBXGroup;
			children = (
				34988FB125F88B6C00125E01 /* SettingsObject.swift */,
				34EFABBF25F9EE4500DAD70D /* User.swift */,
				34FAF3892609530A00F125F9 /* Service.swift */,
				34E550F5260C4A5900BFB49C /* ServiceRepository.swift */,
			);
			path = model;
			sourceTree = "<group>";
		};
		34FAF38326094ECB00F125F9 /* helper */ = {
			isa = PBXGroup;
			children = (
				34D93A582608666300201EC3 /* IconView.swift */,
				349E56212613AE0A0089245E /* GridView.swift */,
				34FAF38426094ED700F125F9 /* FavoriteButton.swift */,
				3463BE4B260180530071675F /* Fbhandler.swift */,
				345DC3BF260E6E1700757A94 /* CheckView.swift */,
				3444A34F26153E05009A4BCD /* CustomTopbarBackButtonModifier.swift */,
			);
			path = helper;
			sourceTree = "<group>";
		};
		BBB834FC2ACD5A8868C809E7 /* Frameworks */ = {
			isa = PBXGroup;
			children = (
				30C51F4DD89484E10BBC370B /* Pods_Sparkle.framework */,
				60233BCCF9079513DBF3081B /* Pods_Sparkle_SparkleUITests.framework */,
				A83DC558FBA36C9BD7CC60BC /* Pods_SparkleTests.framework */,
			);
			name = Frameworks;
			sourceTree = "<group>";
		};
/* End PBXGroup section */

/* Begin PBXNativeTarget section */
		346AF80225A4F539004117C0 /* Sparkle */ = {
			isa = PBXNativeTarget;
			buildConfigurationList = 346AF83025A4F53B004117C0 /* Build configuration list for PBXNativeTarget "Sparkle" */;
			buildPhases = (
				D8A4BAA0B6E210D8C107758C /* [CP] Check Pods Manifest.lock */,
				346AF7FF25A4F539004117C0 /* Sources */,
				346AF80025A4F539004117C0 /* Frameworks */,
				346AF80125A4F539004117C0 /* Resources */,
				DA8DE0A0C383676B73A89413 /* [CP] Embed Pods Frameworks */,
				DA659F5ED7B75A1988A954D4 /* [CP] Copy Pods Resources */,
			);
			buildRules = (
			);
			dependencies = (
			);
			name = Sparkle;
			productName = Sparkle;
			productReference = 346AF80325A4F539004117C0 /* Sparkle.app */;
			productType = "com.apple.product-type.application";
		};
		346AF81B25A4F53B004117C0 /* SparkleTests */ = {
			isa = PBXNativeTarget;
			buildConfigurationList = 346AF83325A4F53B004117C0 /* Build configuration list for PBXNativeTarget "SparkleTests" */;
			buildPhases = (
				C67EC1BD4D3CE947108FCCDA /* [CP] Check Pods Manifest.lock */,
				346AF81825A4F53B004117C0 /* Sources */,
				346AF81925A4F53B004117C0 /* Frameworks */,
				346AF81A25A4F53B004117C0 /* Resources */,
			);
			buildRules = (
			);
			dependencies = (
				346AF81E25A4F53B004117C0 /* PBXTargetDependency */,
			);
			name = SparkleTests;
			productName = SparkleTests;
			productReference = 346AF81C25A4F53B004117C0 /* SparkleTests.xctest */;
			productType = "com.apple.product-type.bundle.unit-test";
		};
		346AF82625A4F53B004117C0 /* SparkleUITests */ = {
			isa = PBXNativeTarget;
			buildConfigurationList = 346AF83625A4F53B004117C0 /* Build configuration list for PBXNativeTarget "SparkleUITests" */;
			buildPhases = (
				9317724414803688E72F59C8 /* [CP] Check Pods Manifest.lock */,
				346AF82325A4F53B004117C0 /* Sources */,
				346AF82425A4F53B004117C0 /* Frameworks */,
				346AF82525A4F53B004117C0 /* Resources */,
				9B499FB76EE3DADE03AA3CD2 /* [CP] Embed Pods Frameworks */,
				CD9A6C1D6429FC79969B2ACA /* [CP] Copy Pods Resources */,
			);
			buildRules = (
			);
			dependencies = (
				346AF82925A4F53B004117C0 /* PBXTargetDependency */,
			);
			name = SparkleUITests;
			productName = SparkleUITests;
			productReference = 346AF82725A4F53B004117C0 /* SparkleUITests.xctest */;
			productType = "com.apple.product-type.bundle.ui-testing";
		};
/* End PBXNativeTarget section */

/* Begin PBXProject section */
		346AF7FB25A4F539004117C0 /* Project object */ = {
			isa = PBXProject;
			attributes = {
				LastSwiftUpdateCheck = 1230;
				LastUpgradeCheck = 1230;
				TargetAttributes = {
					346AF80225A4F539004117C0 = {
						CreatedOnToolsVersion = 12.3;
					};
					346AF81B25A4F53B004117C0 = {
						CreatedOnToolsVersion = 12.3;
						TestTargetID = 346AF80225A4F539004117C0;
					};
					346AF82625A4F53B004117C0 = {
						CreatedOnToolsVersion = 12.3;
						TestTargetID = 346AF80225A4F539004117C0;
					};
				};
			};
			buildConfigurationList = 346AF7FE25A4F539004117C0 /* Build configuration list for PBXProject "Sparkle" */;
			compatibilityVersion = "Xcode 9.3";
			developmentRegion = en;
			hasScannedForEncodings = 0;
			knownRegions = (
				en,
				Base,
			);
			mainGroup = 346AF7FA25A4F539004117C0;
			productRefGroup = 346AF80425A4F539004117C0 /* Products */;
			projectDirPath = "";
			projectRoot = "";
			targets = (
				346AF80225A4F539004117C0 /* Sparkle */,
				346AF81B25A4F53B004117C0 /* SparkleTests */,
				346AF82625A4F53B004117C0 /* SparkleUITests */,
			);
		};
/* End PBXProject section */

/* Begin PBXResourcesBuildPhase section */
		346AF80125A4F539004117C0 /* Resources */ = {
			isa = PBXResourcesBuildPhase;
			buildActionMask = 2147483647;
			files = (
				346AF81625A4F53B004117C0 /* LaunchScreen.storyboard in Resources */,
				346AF88F25A54CA0004117C0 /* doc in Resources */,
				34AE775B25E2EE97009F64F8 /* GoogleService-Info.plist in Resources */,
				3477C55425E2FD6C00B0F2E2 /* Main.storyboard in Resources */,
				346AF81325A4F53B004117C0 /* Preview Assets.xcassets in Resources */,
				346AF81025A4F53B004117C0 /* Assets.xcassets in Resources */,
			);
			runOnlyForDeploymentPostprocessing = 0;
		};
		346AF81A25A4F53B004117C0 /* Resources */ = {
			isa = PBXResourcesBuildPhase;
			buildActionMask = 2147483647;
			files = (
			);
			runOnlyForDeploymentPostprocessing = 0;
		};
		346AF82525A4F53B004117C0 /* Resources */ = {
			isa = PBXResourcesBuildPhase;
			buildActionMask = 2147483647;
			files = (
			);
			runOnlyForDeploymentPostprocessing = 0;
		};
/* End PBXResourcesBuildPhase section */

/* Begin PBXShellScriptBuildPhase section */
		9317724414803688E72F59C8 /* [CP] Check Pods Manifest.lock */ = {
			isa = PBXShellScriptBuildPhase;
			buildActionMask = 2147483647;
			files = (
			);
			inputFileListPaths = (
			);
			inputPaths = (
				"${PODS_PODFILE_DIR_PATH}/Podfile.lock",
				"${PODS_ROOT}/Manifest.lock",
			);
			name = "[CP] Check Pods Manifest.lock";
			outputFileListPaths = (
			);
			outputPaths = (
				"$(DERIVED_FILE_DIR)/Pods-Sparkle-SparkleUITests-checkManifestLockResult.txt",
			);
			runOnlyForDeploymentPostprocessing = 0;
			shellPath = /bin/sh;
			shellScript = "diff \"${PODS_PODFILE_DIR_PATH}/Podfile.lock\" \"${PODS_ROOT}/Manifest.lock\" > /dev/null\nif [ $? != 0 ] ; then\n    # print error to STDERR\n    echo \"error: The sandbox is not in sync with the Podfile.lock. Run 'pod install' or update your CocoaPods installation.\" >&2\n    exit 1\nfi\n# This output is used by Xcode 'outputs' to avoid re-running this script phase.\necho \"SUCCESS\" > \"${SCRIPT_OUTPUT_FILE_0}\"\n";
			showEnvVarsInLog = 0;
		};
		9B499FB76EE3DADE03AA3CD2 /* [CP] Embed Pods Frameworks */ = {
			isa = PBXShellScriptBuildPhase;
			buildActionMask = 2147483647;
			files = (
			);
			inputFileListPaths = (
				"${PODS_ROOT}/Target Support Files/Pods-Sparkle-SparkleUITests/Pods-Sparkle-SparkleUITests-frameworks-${CONFIGURATION}-input-files.xcfilelist",
			);
			name = "[CP] Embed Pods Frameworks";
			outputFileListPaths = (
				"${PODS_ROOT}/Target Support Files/Pods-Sparkle-SparkleUITests/Pods-Sparkle-SparkleUITests-frameworks-${CONFIGURATION}-output-files.xcfilelist",
			);
			runOnlyForDeploymentPostprocessing = 0;
			shellPath = /bin/sh;
			shellScript = "\"${PODS_ROOT}/Target Support Files/Pods-Sparkle-SparkleUITests/Pods-Sparkle-SparkleUITests-frameworks.sh\"\n";
			showEnvVarsInLog = 0;
		};
		C67EC1BD4D3CE947108FCCDA /* [CP] Check Pods Manifest.lock */ = {
			isa = PBXShellScriptBuildPhase;
			buildActionMask = 2147483647;
			files = (
			);
			inputFileListPaths = (
			);
			inputPaths = (
				"${PODS_PODFILE_DIR_PATH}/Podfile.lock",
				"${PODS_ROOT}/Manifest.lock",
			);
			name = "[CP] Check Pods Manifest.lock";
			outputFileListPaths = (
			);
			outputPaths = (
				"$(DERIVED_FILE_DIR)/Pods-SparkleTests-checkManifestLockResult.txt",
			);
			runOnlyForDeploymentPostprocessing = 0;
			shellPath = /bin/sh;
			shellScript = "diff \"${PODS_PODFILE_DIR_PATH}/Podfile.lock\" \"${PODS_ROOT}/Manifest.lock\" > /dev/null\nif [ $? != 0 ] ; then\n    # print error to STDERR\n    echo \"error: The sandbox is not in sync with the Podfile.lock. Run 'pod install' or update your CocoaPods installation.\" >&2\n    exit 1\nfi\n# This output is used by Xcode 'outputs' to avoid re-running this script phase.\necho \"SUCCESS\" > \"${SCRIPT_OUTPUT_FILE_0}\"\n";
			showEnvVarsInLog = 0;
		};
		CD9A6C1D6429FC79969B2ACA /* [CP] Copy Pods Resources */ = {
			isa = PBXShellScriptBuildPhase;
			buildActionMask = 2147483647;
			files = (
			);
			inputFileListPaths = (
				"${PODS_ROOT}/Target Support Files/Pods-Sparkle-SparkleUITests/Pods-Sparkle-SparkleUITests-resources-${CONFIGURATION}-input-files.xcfilelist",
			);
			name = "[CP] Copy Pods Resources";
			outputFileListPaths = (
				"${PODS_ROOT}/Target Support Files/Pods-Sparkle-SparkleUITests/Pods-Sparkle-SparkleUITests-resources-${CONFIGURATION}-output-files.xcfilelist",
			);
			runOnlyForDeploymentPostprocessing = 0;
			shellPath = /bin/sh;
			shellScript = "\"${PODS_ROOT}/Target Support Files/Pods-Sparkle-SparkleUITests/Pods-Sparkle-SparkleUITests-resources.sh\"\n";
			showEnvVarsInLog = 0;
		};
		D8A4BAA0B6E210D8C107758C /* [CP] Check Pods Manifest.lock */ = {
			isa = PBXShellScriptBuildPhase;
			buildActionMask = 2147483647;
			files = (
			);
			inputFileListPaths = (
			);
			inputPaths = (
				"${PODS_PODFILE_DIR_PATH}/Podfile.lock",
				"${PODS_ROOT}/Manifest.lock",
			);
			name = "[CP] Check Pods Manifest.lock";
			outputFileListPaths = (
			);
			outputPaths = (
				"$(DERIVED_FILE_DIR)/Pods-Sparkle-checkManifestLockResult.txt",
			);
			runOnlyForDeploymentPostprocessing = 0;
			shellPath = /bin/sh;
			shellScript = "diff \"${PODS_PODFILE_DIR_PATH}/Podfile.lock\" \"${PODS_ROOT}/Manifest.lock\" > /dev/null\nif [ $? != 0 ] ; then\n    # print error to STDERR\n    echo \"error: The sandbox is not in sync with the Podfile.lock. Run 'pod install' or update your CocoaPods installation.\" >&2\n    exit 1\nfi\n# This output is used by Xcode 'outputs' to avoid re-running this script phase.\necho \"SUCCESS\" > \"${SCRIPT_OUTPUT_FILE_0}\"\n";
			showEnvVarsInLog = 0;
		};
		DA659F5ED7B75A1988A954D4 /* [CP] Copy Pods Resources */ = {
			isa = PBXShellScriptBuildPhase;
			buildActionMask = 2147483647;
			files = (
			);
			inputFileListPaths = (
				"${PODS_ROOT}/Target Support Files/Pods-Sparkle/Pods-Sparkle-resources-${CONFIGURATION}-input-files.xcfilelist",
			);
			name = "[CP] Copy Pods Resources";
			outputFileListPaths = (
				"${PODS_ROOT}/Target Support Files/Pods-Sparkle/Pods-Sparkle-resources-${CONFIGURATION}-output-files.xcfilelist",
			);
			runOnlyForDeploymentPostprocessing = 0;
			shellPath = /bin/sh;
			shellScript = "\"${PODS_ROOT}/Target Support Files/Pods-Sparkle/Pods-Sparkle-resources.sh\"\n";
			showEnvVarsInLog = 0;
		};
		DA8DE0A0C383676B73A89413 /* [CP] Embed Pods Frameworks */ = {
			isa = PBXShellScriptBuildPhase;
			buildActionMask = 2147483647;
			files = (
			);
			inputFileListPaths = (
				"${PODS_ROOT}/Target Support Files/Pods-Sparkle/Pods-Sparkle-frameworks-${CONFIGURATION}-input-files.xcfilelist",
			);
			name = "[CP] Embed Pods Frameworks";
			outputFileListPaths = (
				"${PODS_ROOT}/Target Support Files/Pods-Sparkle/Pods-Sparkle-frameworks-${CONFIGURATION}-output-files.xcfilelist",
			);
			runOnlyForDeploymentPostprocessing = 0;
			shellPath = /bin/sh;
			shellScript = "\"${PODS_ROOT}/Target Support Files/Pods-Sparkle/Pods-Sparkle-frameworks.sh\"\n";
			showEnvVarsInLog = 0;
		};
/* End PBXShellScriptBuildPhase section */

/* Begin PBXSourcesBuildPhase section */
		346AF7FF25A4F539004117C0 /* Sources */ = {
			isa = PBXSourcesBuildPhase;
			buildActionMask = 2147483647;
			files = (
				3444A34026151E8B009A4BCD /* StartingView.swift in Sources */,
				345DC3BB260E5C8600757A94 /* RegisterView.swift in Sources */,
				3444A35026153E05009A4BCD /* CustomTopbarBackButtonModifier.swift in Sources */,
				34988FAB25F882D600125E01 /* PromoView.swift in Sources */,
				346AF85225A50F48004117C0 /* WorkerListUIView.swift in Sources */,
				34988F9C25F8827A00125E01 /* PaymentView.swift in Sources */,
				34E550F6260C4A5900BFB49C /* ServiceRepository.swift in Sources */,
				34D93A592608666300201EC3 /* IconView.swift in Sources */,
				346AF86725A53E4B004117C0 /* ArrivalTimeFormUIView.swift in Sources */,
				346AF85925A52648004117C0 /* FloatingMenuUIView.swift in Sources */,
				34988F9725F8826100125E01 /* ChangePasswordView.swift in Sources */,
				346AF80725A4F53A004117C0 /* AppDelegate.swift in Sources */,
				34988F8F25F8822600125E01 /* AccountView.swift in Sources */,
				3444A34626152265009A4BCD /* Network.swift in Sources */,
				346AF80925A4F53A004117C0 /* SceneDelegate.swift in Sources */,
				34DA3184261A4D55004BD4CD /* CoreDataStack.swift in Sources */,
				346AF84425A50252004117C0 /* CalenderUIView.swift in Sources */,
				34FAF38526094ED700F125F9 /* FavoriteButton.swift in Sources */,
				34FAF38A2609530A00F125F9 /* Service.swift in Sources */,
				34FAF37C2609470800F125F9 /* BottomSheetView.swift in Sources */,
				34988FA125F8829B00125E01 /* SupportView.swift in Sources */,
				345DC3C0260E6E1700757A94 /* CheckView.swift in Sources */,
				346AF80E25A4F53A004117C0 /* Sparkle.xcdatamodeld in Sources */,
				346AF86025A53BF5004117C0 /* SelectServiceUIView.swift in Sources */,
				34988FA625F882C200125E01 /* LocationOptionView.swift in Sources */,
				346AF83D25A4FD94004117C0 /* HomeView.swift in Sources */,
				34988FB225F88B6C00125E01 /* SettingsObject.swift in Sources */,
				3463BE4C260180530071675F /* Fbhandler.swift in Sources */,
				3477C54C25E2FA7700B0F2E2 /* FirebaseSignInViewController.swift in Sources */,
				3451A70325F72B2900D79E8F /* videoView.swift in Sources */,
				34A81C3C25EDFB96006BEB40 /* LoginView.swift in Sources */,
				34810C7C2612D0C300D7BC9C /* JobDetailsView.swift in Sources */,
				34119A3A25F0AE2700A98D62 /* ServiceSelctionsUIView.swift in Sources */,
				34EFABC025F9EE4500DAD70D /* User.swift in Sources */,
				346AF80B25A4F53A004117C0 /* ContentView.swift in Sources */,
				34988FB825F891B200125E01 /* NotificationOptionView.swift in Sources */,
				34969881260BE87D00D90A14 /* PastView.swift in Sources */,
				3496987B260BDB1700D90A14 /* FavoriteView.swift in Sources */,
				349E56222613AE0A0089245E /* GridView.swift in Sources */,
				346AF84B25A50E45004117C0 /* ProfileUIView.swift in Sources */,
			);
			runOnlyForDeploymentPostprocessing = 0;
		};
		346AF81825A4F53B004117C0 /* Sources */ = {
			isa = PBXSourcesBuildPhase;
			buildActionMask = 2147483647;
			files = (
				346AF86125A53BF5004117C0 /* SelectServiceUIView.swift in Sources */,
				346AF85A25A52648004117C0 /* FloatingMenuUIView.swift in Sources */,
				346AF86825A53E4B004117C0 /* ArrivalTimeFormUIView.swift in Sources */,
				346AF82125A4F53B004117C0 /* SparkleTests.swift in Sources */,
				346AF85325A50F48004117C0 /* WorkerListUIView.swift in Sources */,
				346AF83E25A4FD94004117C0 /* HomeView.swift in Sources */,
				346AF84525A50252004117C0 /* CalenderUIView.swift in Sources */,
			);
			runOnlyForDeploymentPostprocessing = 0;
		};
		346AF82325A4F53B004117C0 /* Sources */ = {
			isa = PBXSourcesBuildPhase;
			buildActionMask = 2147483647;
			files = (
				346AF86225A53BF5004117C0 /* SelectServiceUIView.swift in Sources */,
				346AF85B25A52648004117C0 /* FloatingMenuUIView.swift in Sources */,
				346AF86925A53E4B004117C0 /* ArrivalTimeFormUIView.swift in Sources */,
				346AF82C25A4F53B004117C0 /* SparkleUITests.swift in Sources */,
				346AF85425A50F48004117C0 /* WorkerListUIView.swift in Sources */,
				346AF83F25A4FD94004117C0 /* HomeView.swift in Sources */,
				346AF84625A50252004117C0 /* CalenderUIView.swift in Sources */,
			);
			runOnlyForDeploymentPostprocessing = 0;
		};
/* End PBXSourcesBuildPhase section */

/* Begin PBXTargetDependency section */
		346AF81E25A4F53B004117C0 /* PBXTargetDependency */ = {
			isa = PBXTargetDependency;
			target = 346AF80225A4F539004117C0 /* Sparkle */;
			targetProxy = 346AF81D25A4F53B004117C0 /* PBXContainerItemProxy */;
		};
		346AF82925A4F53B004117C0 /* PBXTargetDependency */ = {
			isa = PBXTargetDependency;
			target = 346AF80225A4F539004117C0 /* Sparkle */;
			targetProxy = 346AF82825A4F53B004117C0 /* PBXContainerItemProxy */;
		};
/* End PBXTargetDependency section */

/* Begin PBXVariantGroup section */
		346AF81425A4F53B004117C0 /* LaunchScreen.storyboard */ = {
			isa = PBXVariantGroup;
			children = (
				346AF81525A4F53B004117C0 /* Base */,
			);
			name = LaunchScreen.storyboard;
			sourceTree = "<group>";
		};
/* End PBXVariantGroup section */

/* Begin XCBuildConfiguration section */
		346AF82E25A4F53B004117C0 /* Debug */ = {
			isa = XCBuildConfiguration;
			buildSettings = {
				ALWAYS_SEARCH_USER_PATHS = NO;
				CLANG_ANALYZER_NONNULL = YES;
				CLANG_ANALYZER_NUMBER_OBJECT_CONVERSION = YES_AGGRESSIVE;
				CLANG_CXX_LANGUAGE_STANDARD = "gnu++14";
				CLANG_CXX_LIBRARY = "libc++";
				CLANG_ENABLE_MODULES = YES;
				CLANG_ENABLE_OBJC_ARC = YES;
				CLANG_ENABLE_OBJC_WEAK = YES;
				CLANG_WARN_BLOCK_CAPTURE_AUTORELEASING = YES;
				CLANG_WARN_BOOL_CONVERSION = YES;
				CLANG_WARN_COMMA = YES;
				CLANG_WARN_CONSTANT_CONVERSION = YES;
				CLANG_WARN_DEPRECATED_OBJC_IMPLEMENTATIONS = YES;
				CLANG_WARN_DIRECT_OBJC_ISA_USAGE = YES_ERROR;
				CLANG_WARN_DOCUMENTATION_COMMENTS = YES;
				CLANG_WARN_EMPTY_BODY = YES;
				CLANG_WARN_ENUM_CONVERSION = YES;
				CLANG_WARN_INFINITE_RECURSION = YES;
				CLANG_WARN_INT_CONVERSION = YES;
				CLANG_WARN_NON_LITERAL_NULL_CONVERSION = YES;
				CLANG_WARN_OBJC_IMPLICIT_RETAIN_SELF = YES;
				CLANG_WARN_OBJC_LITERAL_CONVERSION = YES;
				CLANG_WARN_OBJC_ROOT_CLASS = YES_ERROR;
				CLANG_WARN_QUOTED_INCLUDE_IN_FRAMEWORK_HEADER = YES;
				CLANG_WARN_RANGE_LOOP_ANALYSIS = YES;
				CLANG_WARN_STRICT_PROTOTYPES = YES;
				CLANG_WARN_SUSPICIOUS_MOVE = YES;
				CLANG_WARN_UNGUARDED_AVAILABILITY = YES_AGGRESSIVE;
				CLANG_WARN_UNREACHABLE_CODE = YES;
				CLANG_WARN__DUPLICATE_METHOD_MATCH = YES;
				COPY_PHASE_STRIP = NO;
				DEBUG_INFORMATION_FORMAT = dwarf;
				ENABLE_STRICT_OBJC_MSGSEND = YES;
				ENABLE_TESTABILITY = YES;
				GCC_C_LANGUAGE_STANDARD = gnu11;
				GCC_DYNAMIC_NO_PIC = NO;
				GCC_NO_COMMON_BLOCKS = YES;
				GCC_OPTIMIZATION_LEVEL = 0;
				GCC_PREPROCESSOR_DEFINITIONS = (
					"DEBUG=1",
					"$(inherited)",
				);
				GCC_WARN_64_TO_32_BIT_CONVERSION = YES;
				GCC_WARN_ABOUT_RETURN_TYPE = YES_ERROR;
				GCC_WARN_UNDECLARED_SELECTOR = YES;
				GCC_WARN_UNINITIALIZED_AUTOS = YES_AGGRESSIVE;
				GCC_WARN_UNUSED_FUNCTION = YES;
				GCC_WARN_UNUSED_VARIABLE = YES;
				IPHONEOS_DEPLOYMENT_TARGET = 14.3;
				MTL_ENABLE_DEBUG_INFO = INCLUDE_SOURCE;
				MTL_FAST_MATH = YES;
				ONLY_ACTIVE_ARCH = YES;
				SDKROOT = iphoneos;
				SWIFT_ACTIVE_COMPILATION_CONDITIONS = DEBUG;
				SWIFT_OPTIMIZATION_LEVEL = "-Onone";
			};
			name = Debug;
		};
		346AF82F25A4F53B004117C0 /* Release */ = {
			isa = XCBuildConfiguration;
			buildSettings = {
				ALWAYS_SEARCH_USER_PATHS = NO;
				CLANG_ANALYZER_NONNULL = YES;
				CLANG_ANALYZER_NUMBER_OBJECT_CONVERSION = YES_AGGRESSIVE;
				CLANG_CXX_LANGUAGE_STANDARD = "gnu++14";
				CLANG_CXX_LIBRARY = "libc++";
				CLANG_ENABLE_MODULES = YES;
				CLANG_ENABLE_OBJC_ARC = YES;
				CLANG_ENABLE_OBJC_WEAK = YES;
				CLANG_WARN_BLOCK_CAPTURE_AUTORELEASING = YES;
				CLANG_WARN_BOOL_CONVERSION = YES;
				CLANG_WARN_COMMA = YES;
				CLANG_WARN_CONSTANT_CONVERSION = YES;
				CLANG_WARN_DEPRECATED_OBJC_IMPLEMENTATIONS = YES;
				CLANG_WARN_DIRECT_OBJC_ISA_USAGE = YES_ERROR;
				CLANG_WARN_DOCUMENTATION_COMMENTS = YES;
				CLANG_WARN_EMPTY_BODY = YES;
				CLANG_WARN_ENUM_CONVERSION = YES;
				CLANG_WARN_INFINITE_RECURSION = YES;
				CLANG_WARN_INT_CONVERSION = YES;
				CLANG_WARN_NON_LITERAL_NULL_CONVERSION = YES;
				CLANG_WARN_OBJC_IMPLICIT_RETAIN_SELF = YES;
				CLANG_WARN_OBJC_LITERAL_CONVERSION = YES;
				CLANG_WARN_OBJC_ROOT_CLASS = YES_ERROR;
				CLANG_WARN_QUOTED_INCLUDE_IN_FRAMEWORK_HEADER = YES;
				CLANG_WARN_RANGE_LOOP_ANALYSIS = YES;
				CLANG_WARN_STRICT_PROTOTYPES = YES;
				CLANG_WARN_SUSPICIOUS_MOVE = YES;
				CLANG_WARN_UNGUARDED_AVAILABILITY = YES_AGGRESSIVE;
				CLANG_WARN_UNREACHABLE_CODE = YES;
				CLANG_WARN__DUPLICATE_METHOD_MATCH = YES;
				COPY_PHASE_STRIP = NO;
				DEBUG_INFORMATION_FORMAT = "dwarf-with-dsym";
				ENABLE_NS_ASSERTIONS = NO;
				ENABLE_STRICT_OBJC_MSGSEND = YES;
				GCC_C_LANGUAGE_STANDARD = gnu11;
				GCC_NO_COMMON_BLOCKS = YES;
				GCC_WARN_64_TO_32_BIT_CONVERSION = YES;
				GCC_WARN_ABOUT_RETURN_TYPE = YES_ERROR;
				GCC_WARN_UNDECLARED_SELECTOR = YES;
				GCC_WARN_UNINITIALIZED_AUTOS = YES_AGGRESSIVE;
				GCC_WARN_UNUSED_FUNCTION = YES;
				GCC_WARN_UNUSED_VARIABLE = YES;
				IPHONEOS_DEPLOYMENT_TARGET = 14.3;
				MTL_ENABLE_DEBUG_INFO = NO;
				MTL_FAST_MATH = YES;
				SDKROOT = iphoneos;
				SWIFT_COMPILATION_MODE = wholemodule;
				SWIFT_OPTIMIZATION_LEVEL = "-O";
				VALIDATE_PRODUCT = YES;
			};
			name = Release;
		};
		346AF83125A4F53B004117C0 /* Debug */ = {
			isa = XCBuildConfiguration;
			baseConfigurationReference = 15F0D1C9EAD7113D43CAFAC2 /* Pods-Sparkle.debug.xcconfig */;
			buildSettings = {
				ASSETCATALOG_COMPILER_APPICON_NAME = AppIcon;
				ASSETCATALOG_COMPILER_GLOBAL_ACCENT_COLOR_NAME = AccentColor;
				CODE_SIGN_ENTITLEMENTS = Sparkle/Sparkle.entitlements;
				CODE_SIGN_STYLE = Automatic;
				DEVELOPMENT_ASSET_PATHS = "\"Sparkle/Preview Content\"";
				DEVELOPMENT_TEAM = 236Z8WKQJB;
				ENABLE_PREVIEWS = YES;
				INFOPLIST_FILE = Sparkle/Info.plist;
				LD_RUNPATH_SEARCH_PATHS = (
					"$(inherited)",
					"@executable_path/Frameworks",
				);
				PRODUCT_BUNDLE_IDENTIFIER = yinkin.Sparkle;
				PRODUCT_NAME = "$(TARGET_NAME)";
				SWIFT_VERSION = 5.0;
				TARGETED_DEVICE_FAMILY = "1,2";
			};
			name = Debug;
		};
		346AF83225A4F53B004117C0 /* Release */ = {
			isa = XCBuildConfiguration;
			baseConfigurationReference = 61952079DBD4E799AA6922EF /* Pods-Sparkle.release.xcconfig */;
			buildSettings = {
				ASSETCATALOG_COMPILER_APPICON_NAME = AppIcon;
				ASSETCATALOG_COMPILER_GLOBAL_ACCENT_COLOR_NAME = AccentColor;
				CODE_SIGN_ENTITLEMENTS = Sparkle/Sparkle.entitlements;
				CODE_SIGN_STYLE = Automatic;
				DEVELOPMENT_ASSET_PATHS = "\"Sparkle/Preview Content\"";
				DEVELOPMENT_TEAM = 236Z8WKQJB;
				ENABLE_PREVIEWS = YES;
				INFOPLIST_FILE = Sparkle/Info.plist;
				LD_RUNPATH_SEARCH_PATHS = (
					"$(inherited)",
					"@executable_path/Frameworks",
				);
				PRODUCT_BUNDLE_IDENTIFIER = yinkin.Sparkle;
				PRODUCT_NAME = "$(TARGET_NAME)";
				SWIFT_VERSION = 5.0;
				TARGETED_DEVICE_FAMILY = "1,2";
			};
			name = Release;
		};
		346AF83425A4F53B004117C0 /* Debug */ = {
			isa = XCBuildConfiguration;
			baseConfigurationReference = 3E09A43EA356D88B249AB3F8 /* Pods-SparkleTests.debug.xcconfig */;
			buildSettings = {
				ALWAYS_EMBED_SWIFT_STANDARD_LIBRARIES = YES;
				BUNDLE_LOADER = "$(TEST_HOST)";
				CODE_SIGN_STYLE = Automatic;
				DEVELOPMENT_TEAM = 236Z8WKQJB;
				INFOPLIST_FILE = SparkleTests/Info.plist;
				IPHONEOS_DEPLOYMENT_TARGET = 14.3;
				LD_RUNPATH_SEARCH_PATHS = (
					"$(inherited)",
					"@executable_path/Frameworks",
					"@loader_path/Frameworks",
				);
				PRODUCT_BUNDLE_IDENTIFIER = yinkin.SparkleTests;
				PRODUCT_NAME = "$(TARGET_NAME)";
				SWIFT_VERSION = 5.0;
				TARGETED_DEVICE_FAMILY = "1,2";
				TEST_HOST = "$(BUILT_PRODUCTS_DIR)/Sparkle.app/Sparkle";
			};
			name = Debug;
		};
		346AF83525A4F53B004117C0 /* Release */ = {
			isa = XCBuildConfiguration;
			baseConfigurationReference = 533302F51D9A07FBE39923B6 /* Pods-SparkleTests.release.xcconfig */;
			buildSettings = {
				ALWAYS_EMBED_SWIFT_STANDARD_LIBRARIES = YES;
				BUNDLE_LOADER = "$(TEST_HOST)";
				CODE_SIGN_STYLE = Automatic;
				DEVELOPMENT_TEAM = 236Z8WKQJB;
				INFOPLIST_FILE = SparkleTests/Info.plist;
				IPHONEOS_DEPLOYMENT_TARGET = 14.3;
				LD_RUNPATH_SEARCH_PATHS = (
					"$(inherited)",
					"@executable_path/Frameworks",
					"@loader_path/Frameworks",
				);
				PRODUCT_BUNDLE_IDENTIFIER = yinkin.SparkleTests;
				PRODUCT_NAME = "$(TARGET_NAME)";
				SWIFT_VERSION = 5.0;
				TARGETED_DEVICE_FAMILY = "1,2";
				TEST_HOST = "$(BUILT_PRODUCTS_DIR)/Sparkle.app/Sparkle";
			};
			name = Release;
		};
		346AF83725A4F53B004117C0 /* Debug */ = {
			isa = XCBuildConfiguration;
			baseConfigurationReference = 1884E0302FA1ADBA7534EC31 /* Pods-Sparkle-SparkleUITests.debug.xcconfig */;
			buildSettings = {
				ALWAYS_EMBED_SWIFT_STANDARD_LIBRARIES = YES;
				CODE_SIGN_STYLE = Automatic;
				DEVELOPMENT_TEAM = 236Z8WKQJB;
				INFOPLIST_FILE = SparkleUITests/Info.plist;
				LD_RUNPATH_SEARCH_PATHS = (
					"$(inherited)",
					"@executable_path/Frameworks",
					"@loader_path/Frameworks",
				);
				PRODUCT_BUNDLE_IDENTIFIER = yinkin.SparkleUITests;
				PRODUCT_NAME = "$(TARGET_NAME)";
				SWIFT_VERSION = 5.0;
				TARGETED_DEVICE_FAMILY = "1,2";
				TEST_TARGET_NAME = Sparkle;
			};
			name = Debug;
		};
		346AF83825A4F53B004117C0 /* Release */ = {
			isa = XCBuildConfiguration;
			baseConfigurationReference = ABE5E3F2FD00B12E6ECB7BDD /* Pods-Sparkle-SparkleUITests.release.xcconfig */;
			buildSettings = {
				ALWAYS_EMBED_SWIFT_STANDARD_LIBRARIES = YES;
				CODE_SIGN_STYLE = Automatic;
				DEVELOPMENT_TEAM = 236Z8WKQJB;
				INFOPLIST_FILE = SparkleUITests/Info.plist;
				LD_RUNPATH_SEARCH_PATHS = (
					"$(inherited)",
					"@executable_path/Frameworks",
					"@loader_path/Frameworks",
				);
				PRODUCT_BUNDLE_IDENTIFIER = yinkin.SparkleUITests;
				PRODUCT_NAME = "$(TARGET_NAME)";
				SWIFT_VERSION = 5.0;
				TARGETED_DEVICE_FAMILY = "1,2";
				TEST_TARGET_NAME = Sparkle;
			};
			name = Release;
		};
/* End XCBuildConfiguration section */

/* Begin XCConfigurationList section */
		346AF7FE25A4F539004117C0 /* Build configuration list for PBXProject "Sparkle" */ = {
			isa = XCConfigurationList;
			buildConfigurations = (
				346AF82E25A4F53B004117C0 /* Debug */,
				346AF82F25A4F53B004117C0 /* Release */,
			);
			defaultConfigurationIsVisible = 0;
			defaultConfigurationName = Release;
		};
		346AF83025A4F53B004117C0 /* Build configuration list for PBXNativeTarget "Sparkle" */ = {
			isa = XCConfigurationList;
			buildConfigurations = (
				346AF83125A4F53B004117C0 /* Debug */,
				346AF83225A4F53B004117C0 /* Release */,
			);
			defaultConfigurationIsVisible = 0;
			defaultConfigurationName = Release;
		};
		346AF83325A4F53B004117C0 /* Build configuration list for PBXNativeTarget "SparkleTests" */ = {
			isa = XCConfigurationList;
			buildConfigurations = (
				346AF83425A4F53B004117C0 /* Debug */,
				346AF83525A4F53B004117C0 /* Release */,
			);
			defaultConfigurationIsVisible = 0;
			defaultConfigurationName = Release;
		};
		346AF83625A4F53B004117C0 /* Build configuration list for PBXNativeTarget "SparkleUITests" */ = {
			isa = XCConfigurationList;
			buildConfigurations = (
				346AF83725A4F53B004117C0 /* Debug */,
				346AF83825A4F53B004117C0 /* Release */,
			);
			defaultConfigurationIsVisible = 0;
			defaultConfigurationName = Release;
		};
/* End XCConfigurationList section */

/* Begin XCVersionGroup section */
		346AF80C25A4F53A004117C0 /* Sparkle.xcdatamodeld */ = {
			isa = XCVersionGroup;
			children = (
				346AF80D25A4F53A004117C0 /* Sparkle.xcdatamodel */,
			);
			currentVersion = 346AF80D25A4F53A004117C0 /* Sparkle.xcdatamodel */;
			path = Sparkle.xcdatamodeld;
			sourceTree = "<group>";
			versionGroupType = wrapper.xcdatamodel;
		};
/* End XCVersionGroup section */
	};
	rootObject = 346AF7FB25A4F539004117C0 /* Project object */;
}
